{
  "name": "documents-api",
  "version": "0.1.0",
  "lockfileVersion": 1,
  "requires": true,
  "dependencies": {
    "@aws-crypto/crc32": {
      "version": "1.0.0",
      "resolved": "https://registry.npmjs.org/@aws-crypto/crc32/-/crc32-1.0.0.tgz",
      "integrity": "sha512-wr4EyCv3ZfLH3Sg7FErV6e/cLhpk9rUP/l5322y8PRgpQsItdieaLbtE4aDOR+dxl8U7BG9FIwWXH4TleTDZ9A==",
      "requires": {
        "tslib": "^1.11.1"
      }
    },
    "@aws-crypto/ie11-detection": {
      "version": "1.0.0",
      "resolved": "https://registry.npmjs.org/@aws-crypto/ie11-detection/-/ie11-detection-1.0.0.tgz",
      "integrity": "sha512-kCKVhCF1oDxFYgQrxXmIrS5oaWulkvRcPz+QBDMsUr2crbF4VGgGT6+uQhSwJFdUAQ2A//Vq+uT83eJrkzFgXA==",
      "requires": {
        "tslib": "^1.11.1"
      }
    },
    "@aws-crypto/sha256-browser": {
      "version": "1.0.0",
      "resolved": "https://registry.npmjs.org/@aws-crypto/sha256-browser/-/sha256-browser-1.0.0.tgz",
      "integrity": "sha512-uSufui4ZktC5lYX6bDxgBgNboxGyw9V9V+rlcNsNTxh4YPhOdCslwJMGntiWOBRGAgXhhvWi7FqnTS2SaT3cpg==",
      "requires": {
        "@aws-crypto/ie11-detection": "^1.0.0",
        "@aws-crypto/sha256-js": "^1.0.0",
        "@aws-crypto/supports-web-crypto": "^1.0.0",
        "@aws-sdk/types": "^1.0.0-rc.1",
        "@aws-sdk/util-locate-window": "^1.0.0-rc.1",
        "@aws-sdk/util-utf8-browser": "^1.0.0-rc.1",
        "tslib": "^1.11.1"
      },
      "dependencies": {
        "@aws-sdk/util-utf8-browser": {
          "version": "1.0.0-rc.8",
          "resolved": "https://registry.npmjs.org/@aws-sdk/util-utf8-browser/-/util-utf8-browser-1.0.0-rc.8.tgz",
          "integrity": "sha512-clncPMJ23rxCIkZ9LoUC8SowwZGxWyN2TwRb0XvW/Cv9EavkRgRCOrCpneGyC326lqtMKx36onnpaSRHxErUYw==",
          "requires": {
            "tslib": "^1.8.0"
          }
        }
      }
    },
    "@aws-crypto/sha256-js": {
      "version": "1.0.0",
      "resolved": "https://registry.npmjs.org/@aws-crypto/sha256-js/-/sha256-js-1.0.0.tgz",
      "integrity": "sha512-89kqtFs/tdHBFHEBXZ4UXlCISswvEor3BVVOriR68Tbk1Qe1zBOZtfbSOt3CDT69z88x5uM558YW9k8I1xei5A==",
      "requires": {
        "@aws-sdk/types": "^1.0.0-rc.1",
        "@aws-sdk/util-utf8-browser": "^1.0.0-rc.1",
        "tslib": "^1.11.1"
      },
      "dependencies": {
        "@aws-sdk/util-utf8-browser": {
          "version": "1.0.0-rc.8",
          "resolved": "https://registry.npmjs.org/@aws-sdk/util-utf8-browser/-/util-utf8-browser-1.0.0-rc.8.tgz",
          "integrity": "sha512-clncPMJ23rxCIkZ9LoUC8SowwZGxWyN2TwRb0XvW/Cv9EavkRgRCOrCpneGyC326lqtMKx36onnpaSRHxErUYw==",
          "requires": {
            "tslib": "^1.8.0"
          }
        }
      }
    },
    "@aws-crypto/supports-web-crypto": {
      "version": "1.0.0",
      "resolved": "https://registry.npmjs.org/@aws-crypto/supports-web-crypto/-/supports-web-crypto-1.0.0.tgz",
      "integrity": "sha512-IHLfv+WmVH89EW4n6a5eE8/hUlz6qkWGMn/v4r5ZgzcXdTC5nolii2z3k46y01hWRiC2PPhOdeSLzMUCUMco7g==",
      "requires": {
        "tslib": "^1.11.1"
      }
    },
    "@aws-sdk/abort-controller": {
      "version": "3.1.0",
      "resolved": "https://registry.npmjs.org/@aws-sdk/abort-controller/-/abort-controller-3.1.0.tgz",
      "integrity": "sha512-rqE/+BBEvF4ZxT+J1hqaSDUzXTcdnyeHQ7vqEyB1UuAmMcq6nIi1rAQKqBXneaIC4WVER3K5f00NKZGLzzqnRg==",
      "requires": {
        "tslib": "^1.8.0"
      }
    },
    "@aws-sdk/chunked-blob-reader": {
      "version": "3.1.0",
      "resolved": "https://registry.npmjs.org/@aws-sdk/chunked-blob-reader/-/chunked-blob-reader-3.1.0.tgz",
      "integrity": "sha512-/2fxbKwta8ZiSj59B8F3FyVRszo1/VOhpCeL16gmRRNV73rM3IqJD+xOaDdkc/sFYyBeWn/UhwgD98kxae9XsQ==",
      "requires": {
        "tslib": "^1.8.0"
      }
    },
    "@aws-sdk/chunked-blob-reader-native": {
      "version": "3.1.0",
      "resolved": "https://registry.npmjs.org/@aws-sdk/chunked-blob-reader-native/-/chunked-blob-reader-native-3.1.0.tgz",
      "integrity": "sha512-ghBtZkhUWgy51/651l/GUR/qhdqjFR3GSCsz0B7qisrXc8ZNsd7OlXfnTfYNoySxD3XKpbcxsncytH4Hkxgi4A==",
      "requires": {
        "@aws-sdk/util-base64-browser": "3.1.0",
        "tslib": "^1.8.0"
      }
    },
    "@aws-sdk/client-s3": {
      "version": "3.2.0",
      "resolved": "https://registry.npmjs.org/@aws-sdk/client-s3/-/client-s3-3.2.0.tgz",
      "integrity": "sha512-iK/NkA/mysiNsZYLdvBSU/2/CKUHnqbjPbCwYIJqlRK04ymIsA02cayissQNQ2H5ZEJR5BCBm3KhR9tb41o5Hg==",
      "requires": {
        "@aws-crypto/sha256-browser": "^1.0.0",
        "@aws-crypto/sha256-js": "^1.0.0",
        "@aws-sdk/config-resolver": "3.2.0",
        "@aws-sdk/credential-provider-node": "3.1.0",
        "@aws-sdk/eventstream-serde-browser": "3.2.0",
        "@aws-sdk/eventstream-serde-config-resolver": "3.2.0",
        "@aws-sdk/eventstream-serde-node": "3.2.0",
        "@aws-sdk/fetch-http-handler": "3.2.0",
        "@aws-sdk/hash-blob-browser": "3.1.0",
        "@aws-sdk/hash-node": "3.1.0",
        "@aws-sdk/hash-stream-node": "3.1.0",
        "@aws-sdk/invalid-dependency": "3.2.0",
        "@aws-sdk/md5-js": "3.1.0",
        "@aws-sdk/middleware-apply-body-checksum": "3.2.0",
        "@aws-sdk/middleware-bucket-endpoint": "3.2.0",
        "@aws-sdk/middleware-content-length": "3.2.0",
        "@aws-sdk/middleware-expect-continue": "3.2.0",
        "@aws-sdk/middleware-host-header": "3.2.0",
        "@aws-sdk/middleware-location-constraint": "3.1.0",
        "@aws-sdk/middleware-logger": "3.2.0",
        "@aws-sdk/middleware-retry": "3.2.0",
        "@aws-sdk/middleware-sdk-s3": "3.2.0",
        "@aws-sdk/middleware-serde": "3.2.0",
        "@aws-sdk/middleware-signing": "3.2.0",
        "@aws-sdk/middleware-ssec": "3.1.0",
        "@aws-sdk/middleware-stack": "3.1.0",
        "@aws-sdk/middleware-user-agent": "3.2.0",
        "@aws-sdk/node-config-provider": "3.1.0",
        "@aws-sdk/node-http-handler": "3.2.0",
        "@aws-sdk/protocol-http": "3.2.0",
        "@aws-sdk/smithy-client": "3.2.0",
        "@aws-sdk/url-parser-browser": "3.1.0",
        "@aws-sdk/url-parser-node": "3.1.0",
        "@aws-sdk/util-base64-browser": "3.1.0",
        "@aws-sdk/util-base64-node": "3.1.0",
        "@aws-sdk/util-body-length-browser": "3.1.0",
        "@aws-sdk/util-body-length-node": "3.1.0",
        "@aws-sdk/util-user-agent-browser": "3.2.0",
        "@aws-sdk/util-user-agent-node": "3.2.0",
        "@aws-sdk/util-utf8-browser": "3.1.0",
        "@aws-sdk/util-utf8-node": "3.1.0",
        "@aws-sdk/util-waiter": "3.2.0",
        "@aws-sdk/xml-builder": "3.1.0",
        "fast-xml-parser": "^3.16.0",
        "tslib": "^2.0.0"
      },
      "dependencies": {
        "tslib": {
          "version": "2.1.0",
          "resolved": "https://registry.npmjs.org/tslib/-/tslib-2.1.0.tgz",
          "integrity": "sha512-hcVC3wYEziELGGmEEXue7D75zbwIIVUMWAVbHItGPx0ziyXxrOMQx4rQEVEV45Ut/1IotuEvwqPopzIOkDMf0A=="
        }
      }
    },
    "@aws-sdk/config-resolver": {
      "version": "3.2.0",
      "resolved": "https://registry.npmjs.org/@aws-sdk/config-resolver/-/config-resolver-3.2.0.tgz",
      "integrity": "sha512-+PRjXpWq8JlN/ilO2F5sh/HAOkoCJkGnu/e8rfnND88tghVVauFPm7xTR2LHOGp1ugpUJm8lG/iEzpYP1EUcpA==",
      "requires": {
        "@aws-sdk/signature-v4": "3.2.0",
        "tslib": "^1.8.0"
      }
    },
    "@aws-sdk/credential-provider-env": {
      "version": "3.1.0",
      "resolved": "https://registry.npmjs.org/@aws-sdk/credential-provider-env/-/credential-provider-env-3.1.0.tgz",
      "integrity": "sha512-WUSrtg/on6bP6rjOPdjhFMkPZgDoFZZL2FST4y9K6TkRxcDHejgPZmP13L74RBGIOYlcflZAxE/936OpzpsAAA==",
      "requires": {
        "@aws-sdk/property-provider": "3.1.0",
        "tslib": "^1.8.0"
      }
    },
    "@aws-sdk/credential-provider-imds": {
      "version": "3.1.0",
      "resolved": "https://registry.npmjs.org/@aws-sdk/credential-provider-imds/-/credential-provider-imds-3.1.0.tgz",
      "integrity": "sha512-I8P0ASEjuYpcDMfU2QKlT8vE3nIo803ct4y5Q54Osh5K7+H8Y+raYK9mxxhjycriDXhcQrOe2Rfj+1ARXjdvGw==",
      "requires": {
        "@aws-sdk/property-provider": "3.1.0",
        "tslib": "^1.8.0"
      }
    },
    "@aws-sdk/credential-provider-ini": {
      "version": "3.1.0",
      "resolved": "https://registry.npmjs.org/@aws-sdk/credential-provider-ini/-/credential-provider-ini-3.1.0.tgz",
      "integrity": "sha512-6kPFcsnCR1tEaVQPJGY6z58XvbeVtjsdC2srYG/0y87zyWd9awGuvRN4OV6aOr24QmEVaFNyWuE5QBQJ1/7hkA==",
      "requires": {
        "@aws-sdk/property-provider": "3.1.0",
        "@aws-sdk/shared-ini-file-loader": "3.1.0",
        "tslib": "^1.8.0"
      }
    },
    "@aws-sdk/credential-provider-node": {
      "version": "3.1.0",
      "resolved": "https://registry.npmjs.org/@aws-sdk/credential-provider-node/-/credential-provider-node-3.1.0.tgz",
      "integrity": "sha512-/HNq75cNiXzxm6F+ZeJ3awuqUofUtcr89ZnSnwB1pkicz81yrqAH8EN2dEj90eDo1MdBQHx6rhaKg4SJUaBy3Q==",
      "requires": {
        "@aws-sdk/credential-provider-env": "3.1.0",
        "@aws-sdk/credential-provider-imds": "3.1.0",
        "@aws-sdk/credential-provider-ini": "3.1.0",
        "@aws-sdk/credential-provider-process": "3.1.0",
        "@aws-sdk/property-provider": "3.1.0",
        "tslib": "^1.8.0"
      }
    },
    "@aws-sdk/credential-provider-process": {
      "version": "3.1.0",
      "resolved": "https://registry.npmjs.org/@aws-sdk/credential-provider-process/-/credential-provider-process-3.1.0.tgz",
      "integrity": "sha512-pecJk5W9LYLk9KOwT5A3X6ECHoakQMvXL/whqDsKdXQ4c5C1pVoV67Jnp3ilMNfr6CauxU8gQs53iPS5LUHH4A==",
      "requires": {
        "@aws-sdk/credential-provider-ini": "3.1.0",
        "@aws-sdk/property-provider": "3.1.0",
        "@aws-sdk/shared-ini-file-loader": "3.1.0",
        "tslib": "^1.8.0"
      }
    },
    "@aws-sdk/eventstream-marshaller": {
      "version": "3.1.0",
      "resolved": "https://registry.npmjs.org/@aws-sdk/eventstream-marshaller/-/eventstream-marshaller-3.1.0.tgz",
      "integrity": "sha512-ZfWK+QPB+nuKfd90ZWpkJtK4wSKYv5qzA59jP1wwEWZ2XzUyTs2FWq4rns4af2UHnd+r5+92V2r/AZUCzT9U8w==",
      "requires": {
        "@aws-crypto/crc32": "^1.0.0",
        "@aws-sdk/util-hex-encoding": "3.1.0",
        "tslib": "^1.8.0"
      }
    },
    "@aws-sdk/eventstream-serde-browser": {
      "version": "3.2.0",
      "resolved": "https://registry.npmjs.org/@aws-sdk/eventstream-serde-browser/-/eventstream-serde-browser-3.2.0.tgz",
      "integrity": "sha512-i4cUajOcI4uNxGgd133D2PAKb1/wkztGQOuak2SFGw5mgMWVPjy/WpRReEV/Fl9I+sk/c6RePhkypexwSjXo9A==",
      "requires": {
        "@aws-sdk/eventstream-marshaller": "3.1.0",
        "@aws-sdk/eventstream-serde-universal": "3.2.0",
        "tslib": "^1.8.0"
      }
    },
    "@aws-sdk/eventstream-serde-config-resolver": {
      "version": "3.2.0",
      "resolved": "https://registry.npmjs.org/@aws-sdk/eventstream-serde-config-resolver/-/eventstream-serde-config-resolver-3.2.0.tgz",
      "integrity": "sha512-1/G0MyB35C7WVdDkHfnQ/x9r3NxdN62KZ45oZT0QddnYqvWDn37Ze8oVd583Zz53za8xvEqeHhibNrnDNWoFPg==",
      "requires": {
        "tslib": "^1.8.0"
      }
    },
    "@aws-sdk/eventstream-serde-node": {
      "version": "3.2.0",
      "resolved": "https://registry.npmjs.org/@aws-sdk/eventstream-serde-node/-/eventstream-serde-node-3.2.0.tgz",
      "integrity": "sha512-BraMm315MUuVIiunox9pC9VZ3kZeFW1LpfXuc2kIji/LTZjEZchiyUHfwDkjcq9GkGHDyPLhdlNtquEXk4gtow==",
      "requires": {
        "@aws-sdk/eventstream-marshaller": "3.1.0",
        "@aws-sdk/eventstream-serde-universal": "3.2.0",
        "tslib": "^1.8.0"
      }
    },
    "@aws-sdk/eventstream-serde-universal": {
      "version": "3.2.0",
      "resolved": "https://registry.npmjs.org/@aws-sdk/eventstream-serde-universal/-/eventstream-serde-universal-3.2.0.tgz",
      "integrity": "sha512-WAS6+sDrFqSHrw3r37Tw815jaWH1IiEn+lYSONoqZE7lD2ySLFQPWdDgHtOnhidmZYpzi8OGjB4ebh8aFXXiZA==",
      "requires": {
        "@aws-sdk/eventstream-marshaller": "3.1.0",
        "tslib": "^1.8.0"
      }
    },
    "@aws-sdk/fetch-http-handler": {
      "version": "3.2.0",
      "resolved": "https://registry.npmjs.org/@aws-sdk/fetch-http-handler/-/fetch-http-handler-3.2.0.tgz",
      "integrity": "sha512-Y8cw7+HNhxSpYZmd78Bq46rYUUCqnRH9AgHXkLifsigt4RsEAfYhODhEUQhEhJ/zwgadvj/fIKJWKdSiCbiC1A==",
      "requires": {
        "@aws-sdk/protocol-http": "3.2.0",
        "@aws-sdk/querystring-builder": "3.1.0",
        "@aws-sdk/util-base64-browser": "3.1.0",
        "tslib": "^1.8.0"
      }
    },
    "@aws-sdk/hash-blob-browser": {
      "version": "3.1.0",
      "resolved": "https://registry.npmjs.org/@aws-sdk/hash-blob-browser/-/hash-blob-browser-3.1.0.tgz",
      "integrity": "sha512-A/iLk2P/15G//YPlB9DwNPR3J3QlrmJSrHKKYLj/t1DnxiIu3DZNCZjhLmBuQpx14O1GcolmewqJRaAq1qtVcw==",
      "requires": {
        "@aws-sdk/chunked-blob-reader": "3.1.0",
        "@aws-sdk/chunked-blob-reader-native": "3.1.0",
        "tslib": "^1.8.0"
      }
    },
    "@aws-sdk/hash-node": {
      "version": "3.1.0",
      "resolved": "https://registry.npmjs.org/@aws-sdk/hash-node/-/hash-node-3.1.0.tgz",
      "integrity": "sha512-zcXjzPuraq6EEEC0N2DI/ng554XiHtLsWGYK2TkW5yS6+2xXiJFny3V5wZHWXsidHOgwgML92r/pU0PeVcTCbg==",
      "requires": {
        "@aws-sdk/util-buffer-from": "3.1.0",
        "tslib": "^1.8.0"
      }
    },
    "@aws-sdk/hash-stream-node": {
      "version": "3.1.0",
      "resolved": "https://registry.npmjs.org/@aws-sdk/hash-stream-node/-/hash-stream-node-3.1.0.tgz",
      "integrity": "sha512-GQ7EsdH9yIYIVPhtcuwpYaTS3MNq+3jo6mUF06m8YxlG58GNIVz9gG8oMy9ezP5rpIjJX9YhXKN8GgERNxfpvQ==",
      "requires": {
        "tslib": "^1.8.0"
      }
    },
    "@aws-sdk/invalid-dependency": {
      "version": "3.2.0",
      "resolved": "https://registry.npmjs.org/@aws-sdk/invalid-dependency/-/invalid-dependency-3.2.0.tgz",
      "integrity": "sha512-8hlqE4pWo2DoM6pAqjL+A3zYwUMaxP/RCGO+0zKbZHVw2stdRDzpO+jUfzZHR+mPJ+L/2wPwhK8D9n3yBriNBQ==",
      "requires": {
        "tslib": "^1.8.0"
      }
    },
    "@aws-sdk/is-array-buffer": {
      "version": "3.1.0",
      "resolved": "https://registry.npmjs.org/@aws-sdk/is-array-buffer/-/is-array-buffer-3.1.0.tgz",
      "integrity": "sha512-wE6Am+/FKuINc/aypXiBiLAatlSyxYQ9wGGQHf2iYOX5d5bHLOVKPoRwcqSCaiaR32aRcS7R+IhgxeBy+ajsMQ==",
      "requires": {
        "tslib": "^1.8.0"
      }
    },
    "@aws-sdk/md5-js": {
      "version": "3.1.0",
      "resolved": "https://registry.npmjs.org/@aws-sdk/md5-js/-/md5-js-3.1.0.tgz",
      "integrity": "sha512-QB8D7EdxjOih9NWL/NoJRkgE0RSSJTXQLuQGH9UMj66rUQfGpwvLJDL+PbvoSUJgM8+McEBGyvjLCrDCK5r+qA==",
      "requires": {
        "@aws-sdk/util-utf8-browser": "3.1.0",
        "tslib": "^1.8.0"
      }
    },
    "@aws-sdk/middleware-apply-body-checksum": {
      "version": "3.2.0",
      "resolved": "https://registry.npmjs.org/@aws-sdk/middleware-apply-body-checksum/-/middleware-apply-body-checksum-3.2.0.tgz",
      "integrity": "sha512-tkkWT0ieOPbE59kb6VbrQGzsqj9fXUY29mCM2wrnz2C00jtmfKP+ipHMCH0Lj/+09tvwkjCMW3Tm4WtYv+5NRw==",
      "requires": {
        "@aws-sdk/is-array-buffer": "3.1.0",
        "@aws-sdk/protocol-http": "3.2.0",
        "tslib": "^1.8.0"
      }
    },
    "@aws-sdk/middleware-bucket-endpoint": {
      "version": "3.2.0",
      "resolved": "https://registry.npmjs.org/@aws-sdk/middleware-bucket-endpoint/-/middleware-bucket-endpoint-3.2.0.tgz",
      "integrity": "sha512-K3aHf/NldosV17tSS/EkgaLThI6fOlbkTxBDj5JwhRehxHytS4qTYD4RiWgnDhCnYMAiKpsI2GSmC3a/+AYf2w==",
      "requires": {
        "@aws-sdk/protocol-http": "3.2.0",
        "@aws-sdk/util-arn-parser": "3.1.0",
        "tslib": "^1.8.0"
      }
    },
    "@aws-sdk/middleware-content-length": {
      "version": "3.2.0",
      "resolved": "https://registry.npmjs.org/@aws-sdk/middleware-content-length/-/middleware-content-length-3.2.0.tgz",
      "integrity": "sha512-xS7zdcRcubv7WKs5L/RG69EuuatuPxYNQT4O9epQyUaOpTHKzdVd1wnBK+otWYxI9qnCjIXwwmMyGbJXD9OHhw==",
      "requires": {
        "@aws-sdk/protocol-http": "3.2.0",
        "tslib": "^1.8.0"
      }
    },
    "@aws-sdk/middleware-expect-continue": {
      "version": "3.2.0",
      "resolved": "https://registry.npmjs.org/@aws-sdk/middleware-expect-continue/-/middleware-expect-continue-3.2.0.tgz",
      "integrity": "sha512-NSeOgcY0FOloRPOqjiSPu5rWjhk+531MEqvDRWaZL3L8+ZauRHTBfnaB3nTdoaEj6ULhH0+vNgKUJnxsd3Z5Dw==",
      "requires": {
        "@aws-sdk/middleware-header-default": "3.2.0",
        "@aws-sdk/protocol-http": "3.2.0",
        "tslib": "^1.8.0"
      }
    },
    "@aws-sdk/middleware-header-default": {
      "version": "3.2.0",
      "resolved": "https://registry.npmjs.org/@aws-sdk/middleware-header-default/-/middleware-header-default-3.2.0.tgz",
      "integrity": "sha512-dv7CvAg9/rCIXcLMLX1cbeZL9DaVsqZjXS3ebYGfa8nZi0Qs+b6bdZH9q7B5qPw6pBImIDDRzj1J9va1z4NnLA==",
      "requires": {
        "@aws-sdk/protocol-http": "3.2.0",
        "tslib": "^1.8.0"
      }
    },
    "@aws-sdk/middleware-host-header": {
      "version": "3.2.0",
      "resolved": "https://registry.npmjs.org/@aws-sdk/middleware-host-header/-/middleware-host-header-3.2.0.tgz",
      "integrity": "sha512-URRRaqO74DSdhqYyKbyCyadJ9No17KBMmgwz2OKecdwp6/pUVNQmlxhj1cG9leWUkBuOHo6weRvWc5zXwvfy1Q==",
      "requires": {
        "@aws-sdk/protocol-http": "3.2.0",
        "tslib": "^1.8.0"
      }
    },
    "@aws-sdk/middleware-location-constraint": {
      "version": "3.1.0",
      "resolved": "https://registry.npmjs.org/@aws-sdk/middleware-location-constraint/-/middleware-location-constraint-3.1.0.tgz",
      "integrity": "sha512-NR8us/ZVJlxg/10h+dyu6xnKofSBWTp+Ai4yvkEFBsxr9kruVqGMP/2IFXl6iZAY5uy/H+TUJzyYtd4/DUgNgg==",
      "requires": {
        "tslib": "^1.8.0"
      }
    },
    "@aws-sdk/middleware-logger": {
      "version": "3.2.0",
      "resolved": "https://registry.npmjs.org/@aws-sdk/middleware-logger/-/middleware-logger-3.2.0.tgz",
      "integrity": "sha512-vkex6bsYqafdvrLe4MXJDJrEfvRb5Z8z01lVlaEV2bzXFqw7WNuFVDRC80GE/YB+r2ds/n9QU4EYUSX9wewoJQ==",
      "requires": {
        "tslib": "^1.8.0"
      }
    },
    "@aws-sdk/middleware-retry": {
      "version": "3.2.0",
      "resolved": "https://registry.npmjs.org/@aws-sdk/middleware-retry/-/middleware-retry-3.2.0.tgz",
      "integrity": "sha512-roecjUD9di1kqyCewk8pGXcsiHyi8kte5Is5bo9kCPfqHhtDN9L/efOhC+rhT0N9nKplC4rZGE4aopxNhMbLtQ==",
      "requires": {
        "@aws-sdk/protocol-http": "3.2.0",
        "@aws-sdk/service-error-classification": "3.2.0",
        "react-native-get-random-values": "^1.4.0",
        "tslib": "^1.8.0",
        "uuid": "^3.0.0"
      }
    },
    "@aws-sdk/middleware-sdk-s3": {
      "version": "3.2.0",
      "resolved": "https://registry.npmjs.org/@aws-sdk/middleware-sdk-s3/-/middleware-sdk-s3-3.2.0.tgz",
      "integrity": "sha512-EJmOAqjc0qWV5OUQ9PRC20GaKQGz5JhZaELRs1cYaMKOY2h8MKGhF6aZFo0dTvYEv3t2T2t0qsWqHdEc3A/CcA==",
      "requires": {
        "@aws-sdk/protocol-http": "3.2.0",
        "@aws-sdk/util-arn-parser": "3.1.0",
        "tslib": "^1.8.0"
      }
    },
    "@aws-sdk/middleware-serde": {
      "version": "3.2.0",
      "resolved": "https://registry.npmjs.org/@aws-sdk/middleware-serde/-/middleware-serde-3.2.0.tgz",
      "integrity": "sha512-dWTL5lIjosKCUDyaNtEolaGpo/KwoM1Zx4NdMUBLYBy9v0vKSnpRLPXxyM2EREVJYHTVrvm6UoW8dM+5RFiN7A==",
      "requires": {
        "tslib": "^1.8.0"
      }
    },
    "@aws-sdk/middleware-signing": {
      "version": "3.2.0",
      "resolved": "https://registry.npmjs.org/@aws-sdk/middleware-signing/-/middleware-signing-3.2.0.tgz",
      "integrity": "sha512-XkDu0lMkdlf95nE2aYyAFmXOzBD+noVebyB1dlJDQCZWNzGkefc+8Nez3lCgyd2+KuEyHXMmQsqZwnmygpRvLQ==",
      "requires": {
        "@aws-sdk/protocol-http": "3.2.0",
        "@aws-sdk/signature-v4": "3.2.0",
        "tslib": "^1.8.0"
      }
    },
    "@aws-sdk/middleware-ssec": {
      "version": "3.1.0",
      "resolved": "https://registry.npmjs.org/@aws-sdk/middleware-ssec/-/middleware-ssec-3.1.0.tgz",
      "integrity": "sha512-RGHWxNEMyYHv3et23XjMVS+9HhJIPR+oO21h82Eur4WhA6u3EuiZ+TKuoXZ9DA5V2wVJvPg33NHi0/uu1mah5w==",
      "requires": {
        "tslib": "^1.8.0"
      }
    },
    "@aws-sdk/middleware-stack": {
      "version": "3.1.0",
      "resolved": "https://registry.npmjs.org/@aws-sdk/middleware-stack/-/middleware-stack-3.1.0.tgz",
      "integrity": "sha512-lin0C0xPspT/orPMWWHMYG/7Z128NsSj6Khs4G6TH+2rIixXxQtHLen8H2dSPNIYXnLaxvtUDl5VuqjRt+s2Ow==",
      "requires": {
        "tslib": "^1.8.0"
      }
    },
    "@aws-sdk/middleware-user-agent": {
      "version": "3.2.0",
      "resolved": "https://registry.npmjs.org/@aws-sdk/middleware-user-agent/-/middleware-user-agent-3.2.0.tgz",
      "integrity": "sha512-rME49AFlVZSwgxTLQo/5Ok012HRcg9xhSFK4oOEkPJiYyGedvsF+Qy6sz3VjQRL2SvUvoAp03Wqbxe/Keewdbw==",
      "requires": {
        "@aws-sdk/protocol-http": "3.2.0",
        "tslib": "^1.8.0"
      }
    },
    "@aws-sdk/node-config-provider": {
      "version": "3.1.0",
      "resolved": "https://registry.npmjs.org/@aws-sdk/node-config-provider/-/node-config-provider-3.1.0.tgz",
      "integrity": "sha512-zbV5Va40elco6IBddbDmhMQDWazQxHAk4trWFj3MrH36rpWZzWwsRbgjgGv0CcvSy5zP6PLHjdcBPeHS/KmViQ==",
      "requires": {
        "@aws-sdk/property-provider": "3.1.0",
        "@aws-sdk/shared-ini-file-loader": "3.1.0",
        "tslib": "^1.8.0"
      }
    },
    "@aws-sdk/node-http-handler": {
      "version": "3.2.0",
      "resolved": "https://registry.npmjs.org/@aws-sdk/node-http-handler/-/node-http-handler-3.2.0.tgz",
      "integrity": "sha512-C6bwM9RNINF2r7wTjQ7esjwlTnEIUZkJ+hyMGwOUxc4AqHCdc1PGEFwuMjQWhiyUtvR3hd7hfPj5GWvFP/PUTQ==",
      "requires": {
        "@aws-sdk/abort-controller": "3.1.0",
        "@aws-sdk/protocol-http": "3.2.0",
        "@aws-sdk/querystring-builder": "3.1.0",
        "tslib": "^1.8.0"
      }
    },
    "@aws-sdk/property-provider": {
      "version": "3.1.0",
      "resolved": "https://registry.npmjs.org/@aws-sdk/property-provider/-/property-provider-3.1.0.tgz",
      "integrity": "sha512-NDCI7T8ytbzlXW8axDdtjMhJYRMVbOoPupM+HwR81hT7QoWWNrpCrjFqIv/gJet+ms5i4k80CWrBJd0L0kNl/Q==",
      "requires": {
        "tslib": "^1.8.0"
      }
    },
    "@aws-sdk/protocol-http": {
      "version": "3.2.0",
      "resolved": "https://registry.npmjs.org/@aws-sdk/protocol-http/-/protocol-http-3.2.0.tgz",
      "integrity": "sha512-7FA23ABTZ18MsQD0GcICj6dU9HRInf6l6XvtnlPUS6ZvjDbsNRqEROUtvjl8dkDDP1mFpEQuHJ5e9MO5peEm7g==",
      "requires": {
        "tslib": "^1.8.0"
      }
    },
    "@aws-sdk/querystring-builder": {
      "version": "3.1.0",
      "resolved": "https://registry.npmjs.org/@aws-sdk/querystring-builder/-/querystring-builder-3.1.0.tgz",
      "integrity": "sha512-rfVJWrAT+PJ5Dx0arxK5RBMfETezAjKGHxXWf7/9rcxSqoEz8s3tYhZ7/CqcOQqN89X6gJ4veQwGprraIhOZIg==",
      "requires": {
        "@aws-sdk/util-uri-escape": "3.1.0",
        "tslib": "^1.8.0"
      }
    },
    "@aws-sdk/querystring-parser": {
      "version": "3.1.0",
      "resolved": "https://registry.npmjs.org/@aws-sdk/querystring-parser/-/querystring-parser-3.1.0.tgz",
      "integrity": "sha512-tqwHKLKplyv940+cR8uW6w2K3IEcGOskJ/8oP1R3RSyyidONSVEShNlpApTQlccfYriieDuEDLVCo4pT7S55kw==",
      "requires": {
        "tslib": "^1.8.0"
      }
    },
    "@aws-sdk/s3-presigned-post": {
      "version": "3.2.0",
      "resolved": "https://registry.npmjs.org/@aws-sdk/s3-presigned-post/-/s3-presigned-post-3.2.0.tgz",
      "integrity": "sha512-ebVVrR6HoMTVOODeJkyRY61vlkAfeUnQcb5jSkQUD7XfRH5/+/fhWP1J7+RfG6XLPnIZGTfT4EQRxF/hsC7F/Q==",
      "requires": {
        "@aws-sdk/signature-v4": "3.2.0",
        "@aws-sdk/util-format-url": "3.1.0",
        "@aws-sdk/util-hex-encoding": "3.1.0",
        "tslib": "^1.8.0"
      }
    },
    "@aws-sdk/service-error-classification": {
      "version": "3.2.0",
      "resolved": "https://registry.npmjs.org/@aws-sdk/service-error-classification/-/service-error-classification-3.2.0.tgz",
      "integrity": "sha512-ZzeSZ0HnJq5zUkA466zVEZAE1SVqYuvGzxRGTEszbMW2eWPLonJgUwiT5nDScmJQcDju044iP//2KnBvn62Rhg=="
    },
    "@aws-sdk/shared-ini-file-loader": {
      "version": "3.1.0",
      "resolved": "https://registry.npmjs.org/@aws-sdk/shared-ini-file-loader/-/shared-ini-file-loader-3.1.0.tgz",
      "integrity": "sha512-5MxZ/CnSaWvecwtLWmcskMe41zBnAkckQRl+xKygl8wLD/q0goWcmMkA4Sx9fyFnGQtGN/+nNvu0dlG2Arxmvw==",
      "requires": {
        "tslib": "^1.8.0"
      }
    },
    "@aws-sdk/signature-v4": {
      "version": "3.2.0",
      "resolved": "https://registry.npmjs.org/@aws-sdk/signature-v4/-/signature-v4-3.2.0.tgz",
      "integrity": "sha512-Fb81gqaSnuCwO9HFYnztksyFud5X6/Ikr95X3pfrtLcHlHe/S079woWmlDUEgy7lw2X2GY94TcX9jlXuMhTfhA==",
      "requires": {
        "@aws-sdk/is-array-buffer": "3.1.0",
        "@aws-sdk/util-hex-encoding": "3.1.0",
        "@aws-sdk/util-uri-escape": "3.1.0",
        "tslib": "^1.8.0"
      }
    },
    "@aws-sdk/smithy-client": {
      "version": "3.2.0",
      "resolved": "https://registry.npmjs.org/@aws-sdk/smithy-client/-/smithy-client-3.2.0.tgz",
      "integrity": "sha512-LpBGQ5m/oQ6QkMPQl7yxvBll/NRww4GUCEwpEXw412SUbX7aVTu+CNoUmF2lg8Gwp2XM3NgOkJ9DQ94YwZ/dug==",
      "requires": {
        "@aws-sdk/middleware-stack": "3.1.0",
        "tslib": "^1.8.0"
      }
    },
    "@aws-sdk/types": {
      "version": "1.0.0-rc.10",
      "resolved": "https://registry.npmjs.org/@aws-sdk/types/-/types-1.0.0-rc.10.tgz",
      "integrity": "sha512-9gwhYnkTNuYZ+etCtM4T8gjpZ0SWSXbzQxY34UjSS+dt3C/UnbX0J22tMahp/9Z1yCa9pihtXrkD+nO2xn7nVQ=="
    },
    "@aws-sdk/url-parser-browser": {
      "version": "3.1.0",
      "resolved": "https://registry.npmjs.org/@aws-sdk/url-parser-browser/-/url-parser-browser-3.1.0.tgz",
      "integrity": "sha512-XtiorfIxhbJuU1TLp7rL7qMzNY/+9FYisFtCFcrcy7/fsvXUTjjB2u3O4J01m/T6/HVmenV+SFQvs+fYC9U7dA==",
      "requires": {
        "@aws-sdk/querystring-parser": "3.1.0",
        "tslib": "^1.8.0"
      }
    },
    "@aws-sdk/url-parser-node": {
      "version": "3.1.0",
      "resolved": "https://registry.npmjs.org/@aws-sdk/url-parser-node/-/url-parser-node-3.1.0.tgz",
      "integrity": "sha512-pDQekV4RK2hoiDB4YkMi00oTgU8MoHg+Sve9HaLYCtTuirHMVBswxzGg6MVDWo0tM6WSFbnQRXNZtioUo7ExVA==",
      "requires": {
        "@aws-sdk/querystring-parser": "3.1.0",
        "tslib": "^1.8.0",
        "url": "^0.11.0"
      }
    },
    "@aws-sdk/util-arn-parser": {
      "version": "3.1.0",
      "resolved": "https://registry.npmjs.org/@aws-sdk/util-arn-parser/-/util-arn-parser-3.1.0.tgz",
      "integrity": "sha512-xXL/nadq5mqEw6Mrv1ghoODuyWWsAxvr+rRNgDJOav6mypgEOiLb0ybkqinrH1ogTkAYbegs+uaWxgSPBe9ZSA==",
      "requires": {
        "tslib": "^1.8.0"
      }
    },
    "@aws-sdk/util-base64-browser": {
      "version": "3.1.0",
      "resolved": "https://registry.npmjs.org/@aws-sdk/util-base64-browser/-/util-base64-browser-3.1.0.tgz",
      "integrity": "sha512-xkodj0VnkHl1gdYI9Nl4E2Ed+atM3xBTNaedoGnmqoyosMjPRJCpU8uFBmdiF4e+GGPsXlYe9oA/hLyJFxmeSQ==",
      "requires": {
        "tslib": "^1.8.0"
      }
    },
    "@aws-sdk/util-base64-node": {
      "version": "3.1.0",
      "resolved": "https://registry.npmjs.org/@aws-sdk/util-base64-node/-/util-base64-node-3.1.0.tgz",
      "integrity": "sha512-FEtnINw2MeD3LAtyGcofah5D8j6OjpmwNKibr7mIgosRO++iVyXe2xa6iOoptZFn5pIU0C4fkJn5o+kjBhRafA==",
      "requires": {
        "@aws-sdk/util-buffer-from": "3.1.0",
        "tslib": "^1.8.0"
      }
    },
    "@aws-sdk/util-body-length-browser": {
      "version": "3.1.0",
      "resolved": "https://registry.npmjs.org/@aws-sdk/util-body-length-browser/-/util-body-length-browser-3.1.0.tgz",
      "integrity": "sha512-vzKDD/p1gcA05jeLmn6+6HdOY4G6Axyp6dj1R1nVeFpPPx6KkFsNGL9/CoaRT2TGv1fHBoDXsve9JRaCxrER4Q==",
      "requires": {
        "tslib": "^1.8.0"
      }
    },
    "@aws-sdk/util-body-length-node": {
      "version": "3.1.0",
      "resolved": "https://registry.npmjs.org/@aws-sdk/util-body-length-node/-/util-body-length-node-3.1.0.tgz",
      "integrity": "sha512-MfJoU2wFWkOmbjWDepq5bDGYZlpvtBi2Vs8ZeTcm/4+q+3L9tJ/Zb/Ofx5oeRg9VhCsAjvceQTdX+CAyP8byXA==",
      "requires": {
        "tslib": "^1.8.0"
      }
    },
    "@aws-sdk/util-buffer-from": {
      "version": "3.1.0",
      "resolved": "https://registry.npmjs.org/@aws-sdk/util-buffer-from/-/util-buffer-from-3.1.0.tgz",
      "integrity": "sha512-UeC4VKmWYgTXjNdLVHfurrdhznnoxWLUFx8xspyRd58BhSZ5vc5HiiKTPX/CGxzAP/qZG668PaoOJucwmEam4g==",
      "requires": {
        "@aws-sdk/is-array-buffer": "3.1.0",
        "tslib": "^1.8.0"
      }
    },
    "@aws-sdk/util-format-url": {
      "version": "3.1.0",
      "resolved": "https://registry.npmjs.org/@aws-sdk/util-format-url/-/util-format-url-3.1.0.tgz",
      "integrity": "sha512-i5LFF7Gvvdmcp0BQo928EOakRViiWZRAhmfgq304PKMEOdAxcTKrEtGQDsudvjYW5wD8S5G71nBx5Wfx6TzVmA==",
      "requires": {
        "@aws-sdk/querystring-builder": "3.1.0",
        "tslib": "^1.8.0"
      }
    },
    "@aws-sdk/util-hex-encoding": {
      "version": "3.1.0",
      "resolved": "https://registry.npmjs.org/@aws-sdk/util-hex-encoding/-/util-hex-encoding-3.1.0.tgz",
      "integrity": "sha512-MPOsUY3USCUBaqZ3ifgE9il/liVxEKsz6dYQ08pdtWRzZx2CT7kWslQeNAT565pMvktnvdLjfzBw2FwnSI6nqg==",
      "requires": {
        "tslib": "^1.8.0"
      }
    },
    "@aws-sdk/util-locate-window": {
      "version": "1.0.0-rc.8",
      "resolved": "https://registry.npmjs.org/@aws-sdk/util-locate-window/-/util-locate-window-1.0.0-rc.8.tgz",
      "integrity": "sha512-TvqeA4fgmZ0A0x3K+qVj/OSWEFHGZjzpVuyXlm1EYOf7NQ9VWRlokEn1MYKuL+t7al9ZeQyi16D8Dn7DW1eidw==",
      "requires": {
        "tslib": "^1.8.0"
      }
    },
    "@aws-sdk/util-uri-escape": {
      "version": "3.1.0",
      "resolved": "https://registry.npmjs.org/@aws-sdk/util-uri-escape/-/util-uri-escape-3.1.0.tgz",
      "integrity": "sha512-1ZcXVJpsA6uW3tDTQI+Rpawqh76fyHpFc55ST8VGyMgmCzlJzBpYG0ck1kqVRSUP7YyvkJQvHfcm+U6doL5Xkw==",
      "requires": {
        "tslib": "^1.8.0"
      }
    },
    "@aws-sdk/util-user-agent-browser": {
      "version": "3.2.0",
      "resolved": "https://registry.npmjs.org/@aws-sdk/util-user-agent-browser/-/util-user-agent-browser-3.2.0.tgz",
      "integrity": "sha512-ugkLsntS2wpLWCjPs49wnAGhuIAFyHYzTznp0v+Qj/uOkm0ddq4kWp+FwtMxeQMRY0eoBdfqXJAbJLz8w4xlUQ==",
      "requires": {
        "bowser": "^2.11.0",
        "tslib": "^1.8.0"
      }
    },
    "@aws-sdk/util-user-agent-node": {
      "version": "3.2.0",
      "resolved": "https://registry.npmjs.org/@aws-sdk/util-user-agent-node/-/util-user-agent-node-3.2.0.tgz",
      "integrity": "sha512-Ovyq6yc7SL0NWZWBrPKRc0D38xkMH2ulslcnukdNOitv0s8V2Ge09R4T63U0I8IJ7nrKa75Uus6A8vC8Zko3yg==",
      "requires": {
        "@aws-sdk/node-config-provider": "3.1.0",
        "tslib": "^1.8.0"
      }
    },
    "@aws-sdk/util-utf8-browser": {
      "version": "3.1.0",
      "resolved": "https://registry.npmjs.org/@aws-sdk/util-utf8-browser/-/util-utf8-browser-3.1.0.tgz",
      "integrity": "sha512-vJP20me+Wc1RJHq+Y+gFD25aWhbQte+Qkyh3SOKQ+YvNaMcaeVwOV7b3Y3ItBuMdutHLJWmbJ2wF6dhhpy1kOA==",
      "requires": {
        "tslib": "^1.8.0"
      }
    },
    "@aws-sdk/util-utf8-node": {
      "version": "3.1.0",
      "resolved": "https://registry.npmjs.org/@aws-sdk/util-utf8-node/-/util-utf8-node-3.1.0.tgz",
      "integrity": "sha512-lrBLkROMh9kTjHOguusqLvTX5+5O5CVpAGeISZlW6CCx2pMHtVRyE9cdNuRI8aJpyZsU12j8SoaKDUPGD+ixzw==",
      "requires": {
        "@aws-sdk/util-buffer-from": "3.1.0",
        "tslib": "^1.8.0"
      }
    },
    "@aws-sdk/util-waiter": {
      "version": "3.2.0",
      "resolved": "https://registry.npmjs.org/@aws-sdk/util-waiter/-/util-waiter-3.2.0.tgz",
      "integrity": "sha512-1kEr8fGdgTyQyTAnyU5yDCCU4xsMgemrBQSj2qQMNotjDTr02OnDk5drYB0WWuaVZgzVNufqRK6y9AeM6VKoWw==",
      "requires": {
        "@aws-sdk/abort-controller": "3.1.0",
        "tslib": "^1.8.0"
      }
    },
    "@aws-sdk/xml-builder": {
      "version": "3.1.0",
      "resolved": "https://registry.npmjs.org/@aws-sdk/xml-builder/-/xml-builder-3.1.0.tgz",
      "integrity": "sha512-F6liCbWPMbnJq8d0qgzuXwG5O7jg1hhgiG71TTn83rnc6vFzyw2o0C+ztiqSZsbAq7r2PlEfBPWVD32gTFIXXw==",
      "requires": {
        "tslib": "^1.8.0"
      }
    },
    "bowser": {
      "version": "2.11.0",
      "resolved": "https://registry.npmjs.org/bowser/-/bowser-2.11.0.tgz",
      "integrity": "sha512-AlcaJBi/pqqJBIQ8U9Mcpc9i8Aqxn88Skv5d+xBX006BY5u8N3mGLHa5Lgppa7L/HfwgwLgZ6NYs+Ag6uUmJRA=="
    },
    "fast-base64-decode": {
      "version": "1.0.0",
      "resolved": "https://registry.npmjs.org/fast-base64-decode/-/fast-base64-decode-1.0.0.tgz",
      "integrity": "sha512-qwaScUgUGBYeDNRnbc/KyllVU88Jk1pRHPStuF/lO7B0/RTRLj7U0lkdTAutlBblY08rwZDff6tNU9cjv6j//Q=="
    },
    "fast-xml-parser": {
      "version": "3.17.6",
      "resolved": "https://registry.npmjs.org/fast-xml-parser/-/fast-xml-parser-3.17.6.tgz",
      "integrity": "sha512-40WHI/5d2MOzf1sD2bSaTXlPn1lueJLAX6j1xH5dSAr6tNeut8B9ktEL6sjAK9yVON4uNj9//axOdBJUuruCzw=="
    },
    "punycode": {
      "version": "1.3.2",
      "resolved": "https://registry.npmjs.org/punycode/-/punycode-1.3.2.tgz",
      "integrity": "sha1-llOgNvt8HuQjQvIyXM7v6jkmxI0="
    },
    "querystring": {
      "version": "0.2.0",
      "resolved": "https://registry.npmjs.org/querystring/-/querystring-0.2.0.tgz",
      "integrity": "sha1-sgmEkgO7Jd+CDadW50cAWHhSFiA="
    },
    "react-native-get-random-values": {
      "version": "1.5.1",
      "resolved": "https://registry.npmjs.org/react-native-get-random-values/-/react-native-get-random-values-1.5.1.tgz",
      "integrity": "sha512-L76sTcz3jdFmc7Gn41SHOxCioYY3m4rtuWEUI6X8IeWVmkflHXrSyAObOW4eNTM5qytH+45pgMCVKJzfB/Ik4A==",
      "requires": {
        "fast-base64-decode": "^1.0.0"
      }
    },
    "tslib": {
      "version": "1.14.1",
      "resolved": "https://registry.npmjs.org/tslib/-/tslib-1.14.1.tgz",
      "integrity": "sha512-Xni35NKzjgMrwevysHTCArtLDpPvye8zV/0E4EyYn43P7/7qvQwPh9BGkHewbMulVntbigmcT7rdX3BNo9wRJg=="
    },
    "url": {
      "version": "0.11.0",
      "resolved": "https://registry.npmjs.org/url/-/url-0.11.0.tgz",
      "integrity": "sha1-ODjpfPxgUh63PFJajlW/3Z4uKPE=",
      "requires": {
        "punycode": "1.3.2",
        "querystring": "0.2.0"
      }
    },
    "uuid": {
      "version": "3.4.0",
      "resolved": "https://registry.npmjs.org/uuid/-/uuid-3.4.0.tgz",
      "integrity": "sha512-HjSDRw6gZE5JMggctHBcjVak08+KEVhSIiDzFnT9S9aegmp85S/bReBVTb4QTFaRNptJ9kuYaNhnbNEOkbKb/A=="
    }
  }
}
