{
  "name": "documents-api",
  "version": "0.1.0",
  "lockfileVersion": 1,
  "requires": true,
  "dependencies": {
    "@aws-crypto/crc32": {
      "version": "2.0.0",
      "resolved": "https://registry.npmjs.org/@aws-crypto/crc32/-/crc32-2.0.0.tgz",
      "integrity": "sha512-TvE1r2CUueyXOuHdEigYjIZVesInd9KN+K/TFFNfkkxRThiNxO6i4ZqqAVMoEjAamZZ1AA8WXJkjCz7YShHPQA==",
      "requires": {
        "@aws-crypto/util": "^2.0.0",
        "@aws-sdk/types": "^3.1.0",
        "tslib": "^1.11.1"
      },
      "dependencies": {
        "tslib": {
          "version": "1.14.1",
          "resolved": "https://registry.npmjs.org/tslib/-/tslib-1.14.1.tgz",
          "integrity": "sha512-Xni35NKzjgMrwevysHTCArtLDpPvye8zV/0E4EyYn43P7/7qvQwPh9BGkHewbMulVntbigmcT7rdX3BNo9wRJg=="
        }
      }
    },
    "@aws-crypto/crc32c": {
      "version": "2.0.0",
      "resolved": "https://registry.npmjs.org/@aws-crypto/crc32c/-/crc32c-2.0.0.tgz",
      "integrity": "sha512-vF0eMdMHx3O3MoOXUfBZry8Y4ZDtcuskjjKgJz8YfIDjLStxTZrYXk+kZqtl6A0uCmmiN/Eb/JbC/CndTV1MHg==",
      "requires": {
        "@aws-crypto/util": "^2.0.0",
        "@aws-sdk/types": "^3.1.0",
        "tslib": "^1.11.1"
      },
      "dependencies": {
        "tslib": {
          "version": "1.14.1",
          "resolved": "https://registry.npmjs.org/tslib/-/tslib-1.14.1.tgz",
          "integrity": "sha512-Xni35NKzjgMrwevysHTCArtLDpPvye8zV/0E4EyYn43P7/7qvQwPh9BGkHewbMulVntbigmcT7rdX3BNo9wRJg=="
        }
      }
    },
    "@aws-crypto/ie11-detection": {
      "version": "2.0.0",
      "resolved": "https://registry.npmjs.org/@aws-crypto/ie11-detection/-/ie11-detection-2.0.0.tgz",
      "integrity": "sha512-pkVXf/dq6PITJ0jzYZ69VhL8VFOFoPZLZqtU/12SGnzYuJOOGNfF41q9GxdI1yqC8R13Rq3jOLKDFpUJFT5eTA==",
      "requires": {
        "tslib": "^1.11.1"
      },
      "dependencies": {
        "tslib": {
          "version": "1.14.1",
          "resolved": "https://registry.npmjs.org/tslib/-/tslib-1.14.1.tgz",
          "integrity": "sha512-Xni35NKzjgMrwevysHTCArtLDpPvye8zV/0E4EyYn43P7/7qvQwPh9BGkHewbMulVntbigmcT7rdX3BNo9wRJg=="
        }
      }
    },
    "@aws-crypto/sha1-browser": {
      "version": "2.0.0",
      "resolved": "https://registry.npmjs.org/@aws-crypto/sha1-browser/-/sha1-browser-2.0.0.tgz",
      "integrity": "sha512-3fIVRjPFY8EG5HWXR+ZJZMdWNRpwbxGzJ9IH9q93FpbgCH8u8GHRi46mZXp3cYD7gealmyqpm3ThZwLKJjWJhA==",
      "requires": {
        "@aws-crypto/ie11-detection": "^2.0.0",
        "@aws-crypto/supports-web-crypto": "^2.0.0",
        "@aws-sdk/types": "^3.1.0",
        "@aws-sdk/util-locate-window": "^3.0.0",
        "@aws-sdk/util-utf8-browser": "^3.0.0",
        "tslib": "^1.11.1"
      },
      "dependencies": {
        "tslib": {
          "version": "1.14.1",
          "resolved": "https://registry.npmjs.org/tslib/-/tslib-1.14.1.tgz",
          "integrity": "sha512-Xni35NKzjgMrwevysHTCArtLDpPvye8zV/0E4EyYn43P7/7qvQwPh9BGkHewbMulVntbigmcT7rdX3BNo9wRJg=="
        }
      }
    },
    "@aws-crypto/sha256-browser": {
      "version": "2.0.0",
      "resolved": "https://registry.npmjs.org/@aws-crypto/sha256-browser/-/sha256-browser-2.0.0.tgz",
      "integrity": "sha512-rYXOQ8BFOaqMEHJrLHul/25ckWH6GTJtdLSajhlqGMx0PmSueAuvboCuZCTqEKlxR8CQOwRarxYMZZSYlhRA1A==",
      "requires": {
        "@aws-crypto/ie11-detection": "^2.0.0",
        "@aws-crypto/sha256-js": "^2.0.0",
        "@aws-crypto/supports-web-crypto": "^2.0.0",
        "@aws-crypto/util": "^2.0.0",
        "@aws-sdk/types": "^3.1.0",
        "@aws-sdk/util-locate-window": "^3.0.0",
        "@aws-sdk/util-utf8-browser": "^3.0.0",
        "tslib": "^1.11.1"
      },
      "dependencies": {
        "tslib": {
          "version": "1.14.1",
          "resolved": "https://registry.npmjs.org/tslib/-/tslib-1.14.1.tgz",
          "integrity": "sha512-Xni35NKzjgMrwevysHTCArtLDpPvye8zV/0E4EyYn43P7/7qvQwPh9BGkHewbMulVntbigmcT7rdX3BNo9wRJg=="
        }
      }
    },
    "@aws-crypto/sha256-js": {
      "version": "2.0.0",
      "resolved": "https://registry.npmjs.org/@aws-crypto/sha256-js/-/sha256-js-2.0.0.tgz",
      "integrity": "sha512-VZY+mCY4Nmrs5WGfitmNqXzaE873fcIZDu54cbaDaaamsaTOP1DBImV9F4pICc3EHjQXujyE8jig+PFCaew9ig==",
      "requires": {
        "@aws-crypto/util": "^2.0.0",
        "@aws-sdk/types": "^3.1.0",
        "tslib": "^1.11.1"
      },
      "dependencies": {
        "tslib": {
          "version": "1.14.1",
          "resolved": "https://registry.npmjs.org/tslib/-/tslib-1.14.1.tgz",
          "integrity": "sha512-Xni35NKzjgMrwevysHTCArtLDpPvye8zV/0E4EyYn43P7/7qvQwPh9BGkHewbMulVntbigmcT7rdX3BNo9wRJg=="
        }
      }
    },
    "@aws-crypto/supports-web-crypto": {
      "version": "2.0.0",
      "resolved": "https://registry.npmjs.org/@aws-crypto/supports-web-crypto/-/supports-web-crypto-2.0.0.tgz",
      "integrity": "sha512-Ge7WQ3E0OC7FHYprsZV3h0QIcpdyJLvIeg+uTuHqRYm8D6qCFJoiC+edSzSyFiHtZf+NOQDJ1q46qxjtzIY2nA==",
      "requires": {
        "tslib": "^1.11.1"
      },
      "dependencies": {
        "tslib": {
          "version": "1.14.1",
          "resolved": "https://registry.npmjs.org/tslib/-/tslib-1.14.1.tgz",
          "integrity": "sha512-Xni35NKzjgMrwevysHTCArtLDpPvye8zV/0E4EyYn43P7/7qvQwPh9BGkHewbMulVntbigmcT7rdX3BNo9wRJg=="
        }
      }
    },
    "@aws-crypto/util": {
      "version": "2.0.1",
      "resolved": "https://registry.npmjs.org/@aws-crypto/util/-/util-2.0.1.tgz",
      "integrity": "sha512-JJmFFwvbm08lULw4Nm5QOLg8+lAQeC8aCXK5xrtxntYzYXCGfHwUJ4Is3770Q7HmICsXthGQ+ZsDL7C2uH3yBQ==",
      "requires": {
        "@aws-sdk/types": "^3.1.0",
        "@aws-sdk/util-utf8-browser": "^3.0.0",
        "tslib": "^1.11.1"
      },
      "dependencies": {
        "tslib": {
          "version": "1.14.1",
          "resolved": "https://registry.npmjs.org/tslib/-/tslib-1.14.1.tgz",
          "integrity": "sha512-Xni35NKzjgMrwevysHTCArtLDpPvye8zV/0E4EyYn43P7/7qvQwPh9BGkHewbMulVntbigmcT7rdX3BNo9wRJg=="
        }
      }
    },
    "@aws-sdk/abort-controller": {
      "version": "3.53.0",
      "resolved": "https://registry.npmjs.org/@aws-sdk/abort-controller/-/abort-controller-3.53.0.tgz",
      "integrity": "sha512-Xe7IX2mpf/qOjh1LrPnJ1UtiDw3cBlmy8n+Q2xSP5vaS/9IH0OMdQUveC9MV9HSgzICX+xzbPyUuSKc+4tufBQ==",
      "requires": {
        "@aws-sdk/types": "3.53.0",
        "tslib": "^2.3.0"
      }
    },
    "@aws-sdk/chunked-blob-reader": {
      "version": "3.52.0",
      "resolved": "https://registry.npmjs.org/@aws-sdk/chunked-blob-reader/-/chunked-blob-reader-3.52.0.tgz",
      "integrity": "sha512-BAZhriHHfvnGOd0P9xcnGu8DGyxOa0lgmEw+Tc6nZpXJzx0P+1Sd76q5gE5d/IZ0r5VTB6rfwwKUoG6iShNCwQ==",
      "requires": {
        "tslib": "^2.3.0"
      }
    },
    "@aws-sdk/chunked-blob-reader-native": {
      "version": "3.52.0",
      "resolved": "https://registry.npmjs.org/@aws-sdk/chunked-blob-reader-native/-/chunked-blob-reader-native-3.52.0.tgz",
      "integrity": "sha512-/hVzC0Q12/mWRMBBQD3v82xsLSxZ4RwG6N44XP7MuJoHy4ui4T7D9RSuvBpzzr/4fqF0w9M7XYv6aM4BD2pFIQ==",
      "requires": {
        "@aws-sdk/util-base64-browser": "3.52.0",
        "tslib": "^2.3.0"
      }
    },
    "@aws-sdk/client-s3": {
      "version": "3.53.1",
      "resolved": "https://registry.npmjs.org/@aws-sdk/client-s3/-/client-s3-3.53.1.tgz",
      "integrity": "sha512-uAhjR/TAuXNct6BL/shVg2f/6Zg1EZoXTG8KIywfmLitiUF0PvYwfwSPtNohkz6czgTs/rtirAZHAQKi8jjieA==",
      "requires": {
        "@aws-crypto/sha1-browser": "2.0.0",
        "@aws-crypto/sha256-browser": "2.0.0",
        "@aws-crypto/sha256-js": "2.0.0",
        "@aws-sdk/client-sts": "3.53.0",
        "@aws-sdk/config-resolver": "3.53.0",
        "@aws-sdk/credential-provider-node": "3.53.0",
        "@aws-sdk/eventstream-serde-browser": "3.53.0",
        "@aws-sdk/eventstream-serde-config-resolver": "3.53.0",
        "@aws-sdk/eventstream-serde-node": "3.53.0",
        "@aws-sdk/fetch-http-handler": "3.53.0",
        "@aws-sdk/hash-blob-browser": "3.53.0",
        "@aws-sdk/hash-node": "3.53.0",
        "@aws-sdk/hash-stream-node": "3.53.1",
        "@aws-sdk/invalid-dependency": "3.53.0",
        "@aws-sdk/md5-js": "3.53.0",
        "@aws-sdk/middleware-bucket-endpoint": "3.53.0",
        "@aws-sdk/middleware-content-length": "3.53.0",
        "@aws-sdk/middleware-expect-continue": "3.53.0",
        "@aws-sdk/middleware-flexible-checksums": "3.53.0",
        "@aws-sdk/middleware-host-header": "3.53.0",
        "@aws-sdk/middleware-location-constraint": "3.53.0",
        "@aws-sdk/middleware-logger": "3.53.0",
        "@aws-sdk/middleware-retry": "3.53.0",
        "@aws-sdk/middleware-sdk-s3": "3.53.0",
        "@aws-sdk/middleware-serde": "3.53.0",
        "@aws-sdk/middleware-signing": "3.53.0",
        "@aws-sdk/middleware-ssec": "3.53.0",
        "@aws-sdk/middleware-stack": "3.53.0",
        "@aws-sdk/middleware-user-agent": "3.53.0",
        "@aws-sdk/node-config-provider": "3.53.0",
        "@aws-sdk/node-http-handler": "3.53.0",
        "@aws-sdk/protocol-http": "3.53.0",
        "@aws-sdk/smithy-client": "3.53.0",
        "@aws-sdk/types": "3.53.0",
        "@aws-sdk/url-parser": "3.53.0",
        "@aws-sdk/util-base64-browser": "3.52.0",
        "@aws-sdk/util-base64-node": "3.52.0",
        "@aws-sdk/util-body-length-browser": "3.52.0",
        "@aws-sdk/util-body-length-node": "3.52.0",
        "@aws-sdk/util-defaults-mode-browser": "3.53.0",
        "@aws-sdk/util-defaults-mode-node": "3.53.0",
        "@aws-sdk/util-stream-browser": "3.53.0",
        "@aws-sdk/util-stream-node": "3.53.0",
        "@aws-sdk/util-user-agent-browser": "3.53.0",
        "@aws-sdk/util-user-agent-node": "3.53.0",
        "@aws-sdk/util-utf8-browser": "3.52.0",
        "@aws-sdk/util-utf8-node": "3.52.0",
        "@aws-sdk/util-waiter": "3.53.0",
        "@aws-sdk/xml-builder": "3.52.0",
        "entities": "2.2.0",
        "fast-xml-parser": "3.19.0",
        "tslib": "^2.3.0"
      }
    },
    "@aws-sdk/client-sso": {
      "version": "3.53.0",
      "resolved": "https://registry.npmjs.org/@aws-sdk/client-sso/-/client-sso-3.53.0.tgz",
      "integrity": "sha512-X32YHHc5MO7xO4W3Ly8DeryieeEiDOsnl6ypBkfML7loO3M0ckvvL+HnNUR1J+HYyseEV7V93BsF/A1z5HmINQ==",
      "requires": {
        "@aws-crypto/sha256-browser": "2.0.0",
        "@aws-crypto/sha256-js": "2.0.0",
        "@aws-sdk/config-resolver": "3.53.0",
        "@aws-sdk/fetch-http-handler": "3.53.0",
        "@aws-sdk/hash-node": "3.53.0",
        "@aws-sdk/invalid-dependency": "3.53.0",
        "@aws-sdk/middleware-content-length": "3.53.0",
        "@aws-sdk/middleware-host-header": "3.53.0",
        "@aws-sdk/middleware-logger": "3.53.0",
        "@aws-sdk/middleware-retry": "3.53.0",
        "@aws-sdk/middleware-serde": "3.53.0",
        "@aws-sdk/middleware-stack": "3.53.0",
        "@aws-sdk/middleware-user-agent": "3.53.0",
        "@aws-sdk/node-config-provider": "3.53.0",
        "@aws-sdk/node-http-handler": "3.53.0",
        "@aws-sdk/protocol-http": "3.53.0",
        "@aws-sdk/smithy-client": "3.53.0",
        "@aws-sdk/types": "3.53.0",
        "@aws-sdk/url-parser": "3.53.0",
        "@aws-sdk/util-base64-browser": "3.52.0",
        "@aws-sdk/util-base64-node": "3.52.0",
        "@aws-sdk/util-body-length-browser": "3.52.0",
        "@aws-sdk/util-body-length-node": "3.52.0",
        "@aws-sdk/util-defaults-mode-browser": "3.53.0",
        "@aws-sdk/util-defaults-mode-node": "3.53.0",
        "@aws-sdk/util-user-agent-browser": "3.53.0",
        "@aws-sdk/util-user-agent-node": "3.53.0",
        "@aws-sdk/util-utf8-browser": "3.52.0",
        "@aws-sdk/util-utf8-node": "3.52.0",
        "tslib": "^2.3.0"
      }
    },
    "@aws-sdk/client-sts": {
      "version": "3.53.0",
      "resolved": "https://registry.npmjs.org/@aws-sdk/client-sts/-/client-sts-3.53.0.tgz",
      "integrity": "sha512-MNG+Pmw/zZQ0kboZtsc8UEGM9pn8abjStDN0Yk67fwFAZMqz8sUHDtFXpa3gSXMrFqBwT+jMFXmIxqiq7XuAeA==",
      "requires": {
        "@aws-crypto/sha256-browser": "2.0.0",
        "@aws-crypto/sha256-js": "2.0.0",
        "@aws-sdk/config-resolver": "3.53.0",
        "@aws-sdk/credential-provider-node": "3.53.0",
        "@aws-sdk/fetch-http-handler": "3.53.0",
        "@aws-sdk/hash-node": "3.53.0",
        "@aws-sdk/invalid-dependency": "3.53.0",
        "@aws-sdk/middleware-content-length": "3.53.0",
        "@aws-sdk/middleware-host-header": "3.53.0",
        "@aws-sdk/middleware-logger": "3.53.0",
        "@aws-sdk/middleware-retry": "3.53.0",
        "@aws-sdk/middleware-sdk-sts": "3.53.0",
        "@aws-sdk/middleware-serde": "3.53.0",
        "@aws-sdk/middleware-signing": "3.53.0",
        "@aws-sdk/middleware-stack": "3.53.0",
        "@aws-sdk/middleware-user-agent": "3.53.0",
        "@aws-sdk/node-config-provider": "3.53.0",
        "@aws-sdk/node-http-handler": "3.53.0",
        "@aws-sdk/protocol-http": "3.53.0",
        "@aws-sdk/smithy-client": "3.53.0",
        "@aws-sdk/types": "3.53.0",
        "@aws-sdk/url-parser": "3.53.0",
        "@aws-sdk/util-base64-browser": "3.52.0",
        "@aws-sdk/util-base64-node": "3.52.0",
        "@aws-sdk/util-body-length-browser": "3.52.0",
        "@aws-sdk/util-body-length-node": "3.52.0",
        "@aws-sdk/util-defaults-mode-browser": "3.53.0",
        "@aws-sdk/util-defaults-mode-node": "3.53.0",
        "@aws-sdk/util-user-agent-browser": "3.53.0",
        "@aws-sdk/util-user-agent-node": "3.53.0",
        "@aws-sdk/util-utf8-browser": "3.52.0",
        "@aws-sdk/util-utf8-node": "3.52.0",
        "entities": "2.2.0",
        "fast-xml-parser": "3.19.0",
        "tslib": "^2.3.0"
      }
    },
    "@aws-sdk/config-resolver": {
      "version": "3.53.0",
      "resolved": "https://registry.npmjs.org/@aws-sdk/config-resolver/-/config-resolver-3.53.0.tgz",
      "integrity": "sha512-wAqP/xNx49H1dutHWHjhKduaKtAcDg2KoH25W6peW2qXZ6OfpVcxRIBbJE4Z0yGOmFFaxw0OeH3h2ptP7tdhGQ==",
      "requires": {
        "@aws-sdk/signature-v4": "3.53.0",
        "@aws-sdk/types": "3.53.0",
        "@aws-sdk/util-config-provider": "3.52.0",
        "tslib": "^2.3.0"
      }
    },
    "@aws-sdk/credential-provider-env": {
      "version": "3.53.0",
      "resolved": "https://registry.npmjs.org/@aws-sdk/credential-provider-env/-/credential-provider-env-3.53.0.tgz",
      "integrity": "sha512-ocqZ4w7y7eay2M+uUBAD6NkhikUPoajEFX1/7iMvEFMmS5MyzjuolHPNK7Hh8lFmPyoflxaMXJVKO8C1MguA/A==",
      "requires": {
        "@aws-sdk/property-provider": "3.53.0",
        "@aws-sdk/types": "3.53.0",
        "tslib": "^2.3.0"
      }
    },
    "@aws-sdk/credential-provider-imds": {
      "version": "3.53.0",
      "resolved": "https://registry.npmjs.org/@aws-sdk/credential-provider-imds/-/credential-provider-imds-3.53.0.tgz",
      "integrity": "sha512-aKc8POSqCi58566KhF1p8Sxt7LHehMnshyfQzNAOB7xshSxuWg41rxafnQU4Soq9Tz7q5bwkauR2CEUihv/TRg==",
      "requires": {
        "@aws-sdk/node-config-provider": "3.53.0",
        "@aws-sdk/property-provider": "3.53.0",
        "@aws-sdk/types": "3.53.0",
        "@aws-sdk/url-parser": "3.53.0",
        "tslib": "^2.3.0"
      }
    },
    "@aws-sdk/credential-provider-ini": {
      "version": "3.53.0",
      "resolved": "https://registry.npmjs.org/@aws-sdk/credential-provider-ini/-/credential-provider-ini-3.53.0.tgz",
      "integrity": "sha512-g+UoJ1ikDrfpI1wHAhlrcBtX4OHxoLV6vakirpG27hhFwuMih565Q/Sjn3o5hLT8PBlWxwT2YeRuxCjtaL3cDA==",
      "requires": {
        "@aws-sdk/credential-provider-env": "3.53.0",
        "@aws-sdk/credential-provider-imds": "3.53.0",
        "@aws-sdk/credential-provider-sso": "3.53.0",
        "@aws-sdk/credential-provider-web-identity": "3.53.0",
        "@aws-sdk/property-provider": "3.53.0",
        "@aws-sdk/shared-ini-file-loader": "3.52.0",
        "@aws-sdk/types": "3.53.0",
        "@aws-sdk/util-credentials": "3.53.0",
        "tslib": "^2.3.0"
      }
    },
    "@aws-sdk/credential-provider-node": {
      "version": "3.53.0",
      "resolved": "https://registry.npmjs.org/@aws-sdk/credential-provider-node/-/credential-provider-node-3.53.0.tgz",
      "integrity": "sha512-sy0NeuJHOBhe7XwxCX2y+YZAB4CqcHveyXJfT6mv7eY6bYQskkMTCPp2D586hSH3c6cfIsmvLSxNhNJApj1Atw==",
      "requires": {
        "@aws-sdk/credential-provider-env": "3.53.0",
        "@aws-sdk/credential-provider-imds": "3.53.0",
        "@aws-sdk/credential-provider-ini": "3.53.0",
        "@aws-sdk/credential-provider-process": "3.53.0",
        "@aws-sdk/credential-provider-sso": "3.53.0",
        "@aws-sdk/credential-provider-web-identity": "3.53.0",
        "@aws-sdk/property-provider": "3.53.0",
        "@aws-sdk/shared-ini-file-loader": "3.52.0",
        "@aws-sdk/types": "3.53.0",
        "@aws-sdk/util-credentials": "3.53.0",
        "tslib": "^2.3.0"
      }
    },
    "@aws-sdk/credential-provider-process": {
      "version": "3.53.0",
      "resolved": "https://registry.npmjs.org/@aws-sdk/credential-provider-process/-/credential-provider-process-3.53.0.tgz",
      "integrity": "sha512-nazHndueCa4y5jUM58OHSysb52E953r3VhmpCs0qIv1ZH5Ijs3kT/usbUq7Yms7pcpaUmpu00VZTc6IfOOC0GA==",
      "requires": {
        "@aws-sdk/property-provider": "3.53.0",
        "@aws-sdk/shared-ini-file-loader": "3.52.0",
        "@aws-sdk/types": "3.53.0",
        "@aws-sdk/util-credentials": "3.53.0",
        "tslib": "^2.3.0"
      }
    },
    "@aws-sdk/credential-provider-sso": {
      "version": "3.53.0",
      "resolved": "https://registry.npmjs.org/@aws-sdk/credential-provider-sso/-/credential-provider-sso-3.53.0.tgz",
      "integrity": "sha512-EongClNxdVw+O4y+S0mZFjNeLHv1ssdAnBM/9L1PfR6sH06eikVmU6isEN2quwoKBy9HRVPaIVF075Q8QIpipg==",
      "requires": {
        "@aws-sdk/client-sso": "3.53.0",
        "@aws-sdk/property-provider": "3.53.0",
        "@aws-sdk/shared-ini-file-loader": "3.52.0",
        "@aws-sdk/types": "3.53.0",
        "@aws-sdk/util-credentials": "3.53.0",
        "tslib": "^2.3.0"
      }
    },
    "@aws-sdk/credential-provider-web-identity": {
      "version": "3.53.0",
      "resolved": "https://registry.npmjs.org/@aws-sdk/credential-provider-web-identity/-/credential-provider-web-identity-3.53.0.tgz",
      "integrity": "sha512-YbysBkX3mbomHJZULxk/3jyQ7NWn6rZ68IDY28bmp8cNWajWeGzDxKmR4Y+c8gNiN2ziWjUZWfHcnZC056/79Q==",
      "requires": {
        "@aws-sdk/property-provider": "3.53.0",
        "@aws-sdk/types": "3.53.0",
        "tslib": "^2.3.0"
      }
    },
    "@aws-sdk/eventstream-marshaller": {
      "version": "3.53.0",
      "resolved": "https://registry.npmjs.org/@aws-sdk/eventstream-marshaller/-/eventstream-marshaller-3.53.0.tgz",
      "integrity": "sha512-Vt8OjC0hgF0rNcGPbMEROnM5SHODzRdQsG9Y+M2suWDkUqFoh8+6m4v9c/ej3iudAEydZDLcnpV9yGv/CTqceg==",
      "requires": {
        "@aws-crypto/crc32": "2.0.0",
        "@aws-sdk/types": "3.53.0",
        "@aws-sdk/util-hex-encoding": "3.52.0",
        "tslib": "^2.3.0"
      }
    },
    "@aws-sdk/eventstream-serde-browser": {
      "version": "3.53.0",
      "resolved": "https://registry.npmjs.org/@aws-sdk/eventstream-serde-browser/-/eventstream-serde-browser-3.53.0.tgz",
      "integrity": "sha512-B+nAlXet/NSEIzaN4fZYGwoFHBYtURuXUE+Ru4EaWyC8+vBEdeO4Vs9o/8mlZSHGiUn41QYYqiZvd+OKweTtBA==",
      "requires": {
        "@aws-sdk/eventstream-marshaller": "3.53.0",
        "@aws-sdk/eventstream-serde-universal": "3.53.0",
        "@aws-sdk/types": "3.53.0",
        "tslib": "^2.3.0"
      }
    },
    "@aws-sdk/eventstream-serde-config-resolver": {
      "version": "3.53.0",
      "resolved": "https://registry.npmjs.org/@aws-sdk/eventstream-serde-config-resolver/-/eventstream-serde-config-resolver-3.53.0.tgz",
      "integrity": "sha512-4O66c1aSgfdWfbr2pUJTONReVwA4oWQ/fRMhcAMhacqbPko5+3v0Iy/vOiVCm6Isa4K2kVpOUN0L+64niE7jag==",
      "requires": {
        "@aws-sdk/types": "3.53.0",
        "tslib": "^2.3.0"
      }
    },
    "@aws-sdk/eventstream-serde-node": {
      "version": "3.53.0",
      "resolved": "https://registry.npmjs.org/@aws-sdk/eventstream-serde-node/-/eventstream-serde-node-3.53.0.tgz",
      "integrity": "sha512-92rlY8M8+nU4mUm3j4gtJiv9HY2fGTGLSIGLukOXAUf7xuJ220L+9ZInS4ToiRgq+dOSt8cFPCxRVpQtNesBfA==",
      "requires": {
        "@aws-sdk/eventstream-marshaller": "3.53.0",
        "@aws-sdk/eventstream-serde-universal": "3.53.0",
        "@aws-sdk/types": "3.53.0",
        "tslib": "^2.3.0"
      }
    },
    "@aws-sdk/eventstream-serde-universal": {
      "version": "3.53.0",
      "resolved": "https://registry.npmjs.org/@aws-sdk/eventstream-serde-universal/-/eventstream-serde-universal-3.53.0.tgz",
      "integrity": "sha512-Y3OjTAKhDyz2UyLE0ATmDD3RFyBfJLWeBQkpJu7qICI0XYN2tmV1mCkQUtkT3e4s+UxnuUOa55YQpdUsQUWIDA==",
      "requires": {
        "@aws-sdk/eventstream-marshaller": "3.53.0",
        "@aws-sdk/types": "3.53.0",
        "tslib": "^2.3.0"
      }
    },
    "@aws-sdk/fetch-http-handler": {
      "version": "3.53.0",
      "resolved": "https://registry.npmjs.org/@aws-sdk/fetch-http-handler/-/fetch-http-handler-3.53.0.tgz",
      "integrity": "sha512-0CcEYarIAVAoGzu1ClO2xDq30Jii6AevDFJYR7M9yojqAMvwjP31DY4/qfPc2nCpSAd9dASR6vcx6r/RoIynVg==",
      "requires": {
        "@aws-sdk/protocol-http": "3.53.0",
        "@aws-sdk/querystring-builder": "3.53.0",
        "@aws-sdk/types": "3.53.0",
        "@aws-sdk/util-base64-browser": "3.52.0",
        "tslib": "^2.3.0"
      }
    },
    "@aws-sdk/hash-blob-browser": {
      "version": "3.53.0",
      "resolved": "https://registry.npmjs.org/@aws-sdk/hash-blob-browser/-/hash-blob-browser-3.53.0.tgz",
      "integrity": "sha512-A3xa0o1W9/tALw0/yoXyBKfxsMlzi1BvzEgCFUU2y914yBo62FiIf1E+BX42m9MfPJ87SD+l3O5QcptMVWvarw==",
      "requires": {
        "@aws-sdk/chunked-blob-reader": "3.52.0",
        "@aws-sdk/chunked-blob-reader-native": "3.52.0",
        "@aws-sdk/types": "3.53.0",
        "tslib": "^2.3.0"
      }
    },
    "@aws-sdk/hash-node": {
      "version": "3.53.0",
      "resolved": "https://registry.npmjs.org/@aws-sdk/hash-node/-/hash-node-3.53.0.tgz",
      "integrity": "sha512-0xK5PSUUVOPttvCLWrrUTmrKe7Fz6njPdBYvB3ESk1whXL+TY3syJj4em63Sq6yFyeuXdqyTzqfcs9fU2puWkA==",
      "requires": {
        "@aws-sdk/types": "3.53.0",
        "@aws-sdk/util-buffer-from": "3.52.0",
        "tslib": "^2.3.0"
      }
    },
    "@aws-sdk/hash-stream-node": {
      "version": "3.53.1",
      "resolved": "https://registry.npmjs.org/@aws-sdk/hash-stream-node/-/hash-stream-node-3.53.1.tgz",
      "integrity": "sha512-y7pUc6EtkG3TscZR9dpR/BCauP/lRepU+Td43Oe9VUhD6l3lS3TuIHUwB7PEU7NeSU9iqWuflBVK/IBWXrfH3w==",
      "requires": {
        "@aws-sdk/types": "3.53.0",
        "tslib": "^2.3.0"
      }
    },
    "@aws-sdk/invalid-dependency": {
      "version": "3.53.0",
      "resolved": "https://registry.npmjs.org/@aws-sdk/invalid-dependency/-/invalid-dependency-3.53.0.tgz",
      "integrity": "sha512-qp2qRFa1a/AjZRCe6MZCpbaXo5t4enGAtch/83fuH4rRkzVOctYox1gyTGTliHk28rjMREtSgZDQZojp5/5M5w==",
      "requires": {
        "@aws-sdk/types": "3.53.0",
        "tslib": "^2.3.0"
      }
    },
    "@aws-sdk/is-array-buffer": {
      "version": "3.52.0",
      "resolved": "https://registry.npmjs.org/@aws-sdk/is-array-buffer/-/is-array-buffer-3.52.0.tgz",
      "integrity": "sha512-5Pe9QKrOeSZb9Z8gtlx9CDMfxH8EiNdClBfXBbc6CiUM7y6l7UintYHkm133zM5XTqtMRYY1jaD8svVAoRPApA==",
      "requires": {
        "tslib": "^2.3.0"
      }
    },
    "@aws-sdk/md5-js": {
      "version": "3.53.0",
      "resolved": "https://registry.npmjs.org/@aws-sdk/md5-js/-/md5-js-3.53.0.tgz",
      "integrity": "sha512-+XbYdbxgWniyC7E4kqHC0z0Qsud/EMv9RuKghWLr7IwbUjfR7zix5+AVw3XR+FWrKrDAlyRBhyzG+60STliuiA==",
      "requires": {
        "@aws-sdk/types": "3.53.0",
        "@aws-sdk/util-utf8-browser": "3.52.0",
        "@aws-sdk/util-utf8-node": "3.52.0",
        "tslib": "^2.3.0"
      }
    },
    "@aws-sdk/middleware-bucket-endpoint": {
      "version": "3.53.0",
      "resolved": "https://registry.npmjs.org/@aws-sdk/middleware-bucket-endpoint/-/middleware-bucket-endpoint-3.53.0.tgz",
      "integrity": "sha512-q88eevXUkUWp6e/vHGnpt8/8TjscbfW6CWGpexj3DFWt3WZhEhExcoGwwszoL4FQfMFWBL+11EKNZm2orHqDwg==",
      "requires": {
        "@aws-sdk/protocol-http": "3.53.0",
        "@aws-sdk/types": "3.53.0",
        "@aws-sdk/util-arn-parser": "3.52.0",
        "@aws-sdk/util-config-provider": "3.52.0",
        "tslib": "^2.3.0"
      }
    },
    "@aws-sdk/middleware-content-length": {
      "version": "3.53.0",
      "resolved": "https://registry.npmjs.org/@aws-sdk/middleware-content-length/-/middleware-content-length-3.53.0.tgz",
      "integrity": "sha512-CXANhpL2MAE2tPKmu0cOf4Fd99useIj5kgX6UA+HWg/ZbJ4qBg6Q4W/nYVt+OuukeqwEEbpt3wv0lKQ8k/vINQ==",
      "requires": {
        "@aws-sdk/protocol-http": "3.53.0",
        "@aws-sdk/types": "3.53.0",
        "tslib": "^2.3.0"
      }
    },
    "@aws-sdk/middleware-expect-continue": {
      "version": "3.53.0",
      "resolved": "https://registry.npmjs.org/@aws-sdk/middleware-expect-continue/-/middleware-expect-continue-3.53.0.tgz",
      "integrity": "sha512-aMKtfOX9b1yx0ER0QspN2jOR/Q1ucRYEaR46yOUPjdcMHHnGxuk3kimsyGqgFm2+pPJdi9FRd9S2eC/tNjYn8w==",
      "requires": {
        "@aws-sdk/middleware-header-default": "3.53.0",
        "@aws-sdk/protocol-http": "3.53.0",
        "@aws-sdk/types": "3.53.0",
        "tslib": "^2.3.0"
      }
    },
    "@aws-sdk/middleware-flexible-checksums": {
      "version": "3.53.0",
      "resolved": "https://registry.npmjs.org/@aws-sdk/middleware-flexible-checksums/-/middleware-flexible-checksums-3.53.0.tgz",
      "integrity": "sha512-g069Es0Sy3So2HRz+UAwaubFKkGuxwhEf6OS9pmovY2+2yfZBOLoQmf7jS50RgbxJcUDoI7uuKZrp0BcdLDgEg==",
      "requires": {
        "@aws-crypto/crc32": "2.0.0",
        "@aws-crypto/crc32c": "2.0.0",
        "@aws-sdk/is-array-buffer": "3.52.0",
        "@aws-sdk/protocol-http": "3.53.0",
        "@aws-sdk/types": "3.53.0",
        "tslib": "^2.3.0"
      }
    },
    "@aws-sdk/middleware-header-default": {
      "version": "3.53.0",
      "resolved": "https://registry.npmjs.org/@aws-sdk/middleware-header-default/-/middleware-header-default-3.53.0.tgz",
      "integrity": "sha512-eQLFdNBzydZoocnj7YDVO+AJZ3YhuImZ1GXzGsF9FN8IdSjuE4gwB8BQhG6vuUg3GVe+sI+7VUJT6h55OaDBXw==",
      "requires": {
        "@aws-sdk/protocol-http": "3.53.0",
        "@aws-sdk/types": "3.53.0",
        "tslib": "^2.3.0"
      }
    },
    "@aws-sdk/middleware-host-header": {
      "version": "3.53.0",
      "resolved": "https://registry.npmjs.org/@aws-sdk/middleware-host-header/-/middleware-host-header-3.53.0.tgz",
      "integrity": "sha512-w5qMAUgy52fvJGqzqruNJhv4BtkanE4I368zWiysmwXXL5xmpKs8TpkGqcSQw4g2wKS8MR2Yxh21LukHlsgAJw==",
      "requires": {
        "@aws-sdk/protocol-http": "3.53.0",
        "@aws-sdk/types": "3.53.0",
        "tslib": "^2.3.0"
      }
    },
    "@aws-sdk/middleware-location-constraint": {
      "version": "3.53.0",
      "resolved": "https://registry.npmjs.org/@aws-sdk/middleware-location-constraint/-/middleware-location-constraint-3.53.0.tgz",
      "integrity": "sha512-HtBy8L3XNbovHLVh6wtIIThsbdTsX+jv09M9Cmmu80eM1WXw5Uu6lJX6FdIQXfMXBTZjnmHRL+72CxEtsets8g==",
      "requires": {
        "@aws-sdk/types": "3.53.0",
        "tslib": "^2.3.0"
      }
    },
    "@aws-sdk/middleware-logger": {
      "version": "3.53.0",
      "resolved": "https://registry.npmjs.org/@aws-sdk/middleware-logger/-/middleware-logger-3.53.0.tgz",
      "integrity": "sha512-jMME8OOyPHliHhVD3FaBQ+4X+FDCQovw6CYGqPdqP0JUuhR8E1LWKHV1+xRpkpOICKwBnIXrgD8/0NQo/+Z84A==",
      "requires": {
        "@aws-sdk/types": "3.53.0",
        "tslib": "^2.3.0"
      }
    },
    "@aws-sdk/middleware-retry": {
      "version": "3.53.0",
      "resolved": "https://registry.npmjs.org/@aws-sdk/middleware-retry/-/middleware-retry-3.53.0.tgz",
      "integrity": "sha512-TKEdTLP//SjasunU3/yX7avXMxhIEDoSOaiwj77zEpPGF2NWcR99UFfqNLeJsRPCyzYScYo1JSuxIwgXHNIhyQ==",
      "requires": {
        "@aws-sdk/protocol-http": "3.53.0",
        "@aws-sdk/service-error-classification": "3.53.0",
        "@aws-sdk/types": "3.53.0",
        "tslib": "^2.3.0",
        "uuid": "^8.3.2"
      }
    },
    "@aws-sdk/middleware-sdk-s3": {
      "version": "3.53.0",
      "resolved": "https://registry.npmjs.org/@aws-sdk/middleware-sdk-s3/-/middleware-sdk-s3-3.53.0.tgz",
      "integrity": "sha512-cq2NFixf5HBctPaUUMjV97M++q18e/WDrM61lN7eMHfdXW+TlYv4tVF9y9MaE7dpoNp7G0ORLsz05JdVdUI33g==",
      "requires": {
        "@aws-sdk/protocol-http": "3.53.0",
        "@aws-sdk/signature-v4": "3.53.0",
        "@aws-sdk/types": "3.53.0",
        "@aws-sdk/util-arn-parser": "3.52.0",
        "tslib": "^2.3.0"
      }
    },
    "@aws-sdk/middleware-sdk-sts": {
      "version": "3.53.0",
      "resolved": "https://registry.npmjs.org/@aws-sdk/middleware-sdk-sts/-/middleware-sdk-sts-3.53.0.tgz",
      "integrity": "sha512-b9AUXYqA5jaUTpWu7wPZz43RQnmy1WGPFVHd8CvcUzFdMzwJlQeH4wq+sEdZ1KtIsz6n6TmY7vobzrScgq3ftg==",
      "requires": {
        "@aws-sdk/middleware-signing": "3.53.0",
        "@aws-sdk/property-provider": "3.53.0",
        "@aws-sdk/protocol-http": "3.53.0",
        "@aws-sdk/signature-v4": "3.53.0",
        "@aws-sdk/types": "3.53.0",
        "tslib": "^2.3.0"
      }
    },
    "@aws-sdk/middleware-serde": {
      "version": "3.53.0",
      "resolved": "https://registry.npmjs.org/@aws-sdk/middleware-serde/-/middleware-serde-3.53.0.tgz",
      "integrity": "sha512-jPoou51ULWN2PpvWkDF3wLKnTezyM33NBdF89mvfnI4++Za0/NpuL12636YqWLXt2CK87u8cA2Q+7Opob7KocA==",
      "requires": {
        "@aws-sdk/types": "3.53.0",
        "tslib": "^2.3.0"
      }
    },
    "@aws-sdk/middleware-signing": {
      "version": "3.53.0",
      "resolved": "https://registry.npmjs.org/@aws-sdk/middleware-signing/-/middleware-signing-3.53.0.tgz",
      "integrity": "sha512-r3g2ytin1YbhXCDedMfR7ZSlt1B39GWA0+J04ZZzUdevtnS2VnkFNhsanO5os/WOpVUV7iqk/ncJgSpn9LI2DA==",
      "requires": {
        "@aws-sdk/property-provider": "3.53.0",
        "@aws-sdk/protocol-http": "3.53.0",
        "@aws-sdk/signature-v4": "3.53.0",
        "@aws-sdk/types": "3.53.0",
        "tslib": "^2.3.0"
      }
    },
    "@aws-sdk/middleware-ssec": {
      "version": "3.53.0",
      "resolved": "https://registry.npmjs.org/@aws-sdk/middleware-ssec/-/middleware-ssec-3.53.0.tgz",
      "integrity": "sha512-2p2QT3PNepUC5MwT+t0l9bf7MlRHw6DN6CLg4Dptgr3SFR2k8LjUp2S7dJqg4qrhXRiiO7lTZK57PaPPR90dFw==",
      "requires": {
        "@aws-sdk/types": "3.53.0",
        "tslib": "^2.3.0"
      }
    },
    "@aws-sdk/middleware-stack": {
      "version": "3.53.0",
      "resolved": "https://registry.npmjs.org/@aws-sdk/middleware-stack/-/middleware-stack-3.53.0.tgz",
      "integrity": "sha512-YanQOVUXGjm63GCZVRYPlPMl6niaWtVjE2C0+0lpCrJQYaUIrvKh27Ff40JLi3U0F89hmsYOO7yPQOPTbc9NBg==",
      "requires": {
        "tslib": "^2.3.0"
      }
    },
    "@aws-sdk/middleware-user-agent": {
      "version": "3.53.0",
      "resolved": "https://registry.npmjs.org/@aws-sdk/middleware-user-agent/-/middleware-user-agent-3.53.0.tgz",
      "integrity": "sha512-ClKxpFXoHLhdnDxyDRRVNaFYQnfylps7rk1wfbRLWb+FWQwKWBvLq5c5ZPvznBU8BvftDSkFtrY+7OLMlj6qxA==",
      "requires": {
        "@aws-sdk/protocol-http": "3.53.0",
        "@aws-sdk/types": "3.53.0",
        "tslib": "^2.3.0"
      }
    },
    "@aws-sdk/node-config-provider": {
      "version": "3.53.0",
      "resolved": "https://registry.npmjs.org/@aws-sdk/node-config-provider/-/node-config-provider-3.53.0.tgz",
      "integrity": "sha512-l00gDzU7n2WSIBHZPVW8/t6L0UD6qwtre5kuGKiv8ZkZKynPg9VV39IB/JZ7swp2uydbXuqxgDxFvqImvY3IyA==",
      "requires": {
        "@aws-sdk/property-provider": "3.53.0",
        "@aws-sdk/shared-ini-file-loader": "3.52.0",
        "@aws-sdk/types": "3.53.0",
        "tslib": "^2.3.0"
      }
    },
    "@aws-sdk/node-http-handler": {
      "version": "3.53.0",
      "resolved": "https://registry.npmjs.org/@aws-sdk/node-http-handler/-/node-http-handler-3.53.0.tgz",
      "integrity": "sha512-YqovPyn75gNzDSvPWQUTAEbwhr8PBdp1MQz65bB8p+qOlzQi1jGCyj1uHqG7qwVIlis9+bAfqpAqNDuYpdGsNg==",
      "requires": {
        "@aws-sdk/abort-controller": "3.53.0",
        "@aws-sdk/protocol-http": "3.53.0",
        "@aws-sdk/querystring-builder": "3.53.0",
        "@aws-sdk/types": "3.53.0",
        "tslib": "^2.3.0"
      }
    },
    "@aws-sdk/property-provider": {
      "version": "3.53.0",
      "resolved": "https://registry.npmjs.org/@aws-sdk/property-provider/-/property-provider-3.53.0.tgz",
      "integrity": "sha512-qrVFYcOV/Da7/ozW2bDLDz0JQP0NLIn6/eNUwT2fqKVw9MWcrLf6xtyAJhCwckdUVOWS2HoBSyvEopa4mdh9Sw==",
      "requires": {
        "@aws-sdk/types": "3.53.0",
        "tslib": "^2.3.0"
      }
    },
    "@aws-sdk/protocol-http": {
      "version": "3.53.0",
      "resolved": "https://registry.npmjs.org/@aws-sdk/protocol-http/-/protocol-http-3.53.0.tgz",
      "integrity": "sha512-lKOXq2FjQH2i/ztJOKHoNgJ9Kpaprhb6/lsKMjHuePr/YDEzp62nEuJKbVx5rA9C8Rxuuj2hE8vXhQ6dyUIsjg==",
      "requires": {
        "@aws-sdk/types": "3.53.0",
        "tslib": "^2.3.0"
      }
    },
    "@aws-sdk/querystring-builder": {
      "version": "3.53.0",
      "resolved": "https://registry.npmjs.org/@aws-sdk/querystring-builder/-/querystring-builder-3.53.0.tgz",
      "integrity": "sha512-oliOrup52985pSKOjHbbm7t3bGL0HTPs9UODhBuDpHE7l0pdWE1hv9YiU3FF5NUIF25VwbL83GYmL9R52GxZhA==",
      "requires": {
        "@aws-sdk/types": "3.53.0",
        "@aws-sdk/util-uri-escape": "3.52.0",
        "tslib": "^2.3.0"
      }
    },
    "@aws-sdk/querystring-parser": {
      "version": "3.53.0",
      "resolved": "https://registry.npmjs.org/@aws-sdk/querystring-parser/-/querystring-parser-3.53.0.tgz",
      "integrity": "sha512-wEkS40w/wW4eBSnf7xt+m8InZFVzjLAzRYK1yPab2qfOIShpWgxg1ndqEP0eu14MvwdEfMPW9xU6J2AiWoxWng==",
      "requires": {
        "@aws-sdk/types": "3.53.0",
        "tslib": "^2.3.0"
      }
    },
    "@aws-sdk/s3-presigned-post": {
      "version": "3.53.1",
      "resolved": "https://registry.npmjs.org/@aws-sdk/s3-presigned-post/-/s3-presigned-post-3.53.1.tgz",
      "integrity": "sha512-AANdMblrrYFyBqfgH2SflOy7uOZz/imuMDZnDMKjSZNtI2kLiSSAdfBXt/8ICBPqhDCv+D6Pw84ChL+qGTkvSQ==",
      "requires": {
        "@aws-sdk/signature-v4": "3.53.0",
        "@aws-sdk/types": "3.53.0",
        "@aws-sdk/util-format-url": "3.53.0",
        "@aws-sdk/util-hex-encoding": "3.52.0",
        "tslib": "^2.3.0"
      }
    },
    "@aws-sdk/service-error-classification": {
      "version": "3.53.0",
      "resolved": "https://registry.npmjs.org/@aws-sdk/service-error-classification/-/service-error-classification-3.53.0.tgz",
      "integrity": "sha512-l5g8QncKk0ZmzQL7mWyQ6n5xWkd1XQJuoOfLZPBas9SJAyz7wanV5P3CG9PX6s1GVHWLC+2MafpIQ6+aH1x5cQ=="
    },
    "@aws-sdk/shared-ini-file-loader": {
      "version": "3.52.0",
      "resolved": "https://registry.npmjs.org/@aws-sdk/shared-ini-file-loader/-/shared-ini-file-loader-3.52.0.tgz",
      "integrity": "sha512-tALb8u8IVcI4pT7yFZpl4O6kgeY5EAXyphZoRPgQSCDhmEyFUIi/sXbCN8HQiHjnHdWfXdaNE1YsZcW3GpcuoQ==",
      "requires": {
        "tslib": "^2.3.0"
      }
    },
    "@aws-sdk/signature-v4": {
      "version": "3.53.0",
      "resolved": "https://registry.npmjs.org/@aws-sdk/signature-v4/-/signature-v4-3.53.0.tgz",
      "integrity": "sha512-CUvCIrwiiWpJd/ldSA04RERXPsdvkuKW3+gBDIUREq4uc7co7Cml1/wbIJ0UOHAmJpDw82NDYqAUthYB1kbHrQ==",
      "requires": {
        "@aws-sdk/is-array-buffer": "3.52.0",
        "@aws-sdk/types": "3.53.0",
        "@aws-sdk/util-hex-encoding": "3.52.0",
        "@aws-sdk/util-uri-escape": "3.52.0",
        "tslib": "^2.3.0"
      }
    },
    "@aws-sdk/smithy-client": {
      "version": "3.53.0",
      "resolved": "https://registry.npmjs.org/@aws-sdk/smithy-client/-/smithy-client-3.53.0.tgz",
      "integrity": "sha512-/mZn1/1/BXFgV5PwbGfXczbSyZFrhUEhWQzPG7x1NXLQh3kcSoHGDSONqFhqTeHWkfEXp1Tn0zUe7R4vAseFmQ==",
      "requires": {
        "@aws-sdk/middleware-stack": "3.53.0",
        "@aws-sdk/types": "3.53.0",
        "tslib": "^2.3.0"
      }
    },
    "@aws-sdk/types": {
      "version": "3.53.0",
      "resolved": "https://registry.npmjs.org/@aws-sdk/types/-/types-3.53.0.tgz",
      "integrity": "sha512-FqHfWRXdnQvfxgngDKfYpYOuQ1HmPgxaGKELx3pFaEnQdMo/dMXjfBGQcEQgP8jqU6bPLaJSfykjWjDzua8JBg=="
    },
    "@aws-sdk/url-parser": {
      "version": "3.53.0",
      "resolved": "https://registry.npmjs.org/@aws-sdk/url-parser/-/url-parser-3.53.0.tgz",
      "integrity": "sha512-lB0U5TkBDSdJK8h3noDkSG/P1cGnpSxOxBroMgPHA8Lrf5lmFRMvDXLXMhRDnTiqtsd/DpHDPyat91pfwLVEwA==",
      "requires": {
        "@aws-sdk/querystring-parser": "3.53.0",
        "@aws-sdk/types": "3.53.0",
        "tslib": "^2.3.0"
      }
    },
    "@aws-sdk/util-arn-parser": {
      "version": "3.52.0",
      "resolved": "https://registry.npmjs.org/@aws-sdk/util-arn-parser/-/util-arn-parser-3.52.0.tgz",
      "integrity": "sha512-mMsoYJ70+BGkVpdfQbu942v4fAGzx+pIL8+QnQhzUmcU0HbNkI0vYliMWfzz7ka9CHgbijUI/ANKA319zgKtvA==",
      "requires": {
        "tslib": "^2.3.0"
      }
    },
    "@aws-sdk/util-base64-browser": {
      "version": "3.52.0",
      "resolved": "https://registry.npmjs.org/@aws-sdk/util-base64-browser/-/util-base64-browser-3.52.0.tgz",
      "integrity": "sha512-xjv/cQ4goWXAiGEC/AIL/GtlHg4p4RkQKs6/zxn9jOxo1OnbppLMJ0LjCtv4/JVYIVGHrx0VJ8Exyod7Ln+NeA==",
      "requires": {
        "tslib": "^2.3.0"
      }
    },
    "@aws-sdk/util-base64-node": {
      "version": "3.52.0",
      "resolved": "https://registry.npmjs.org/@aws-sdk/util-base64-node/-/util-base64-node-3.52.0.tgz",
      "integrity": "sha512-V96YIXBuIiVu7Zk72Y9dly7Io9cYOT30Hjf77KAkBeizlFgT5gWklWYGcytPY8FxLuEy4dPLeHRmgwQnlDwgPA==",
      "requires": {
        "@aws-sdk/util-buffer-from": "3.52.0",
        "tslib": "^2.3.0"
      }
    },
    "@aws-sdk/util-body-length-browser": {
      "version": "3.52.0",
      "resolved": "https://registry.npmjs.org/@aws-sdk/util-body-length-browser/-/util-body-length-browser-3.52.0.tgz",
      "integrity": "sha512-8omOgIGmopUtwg3XaeyvqacxrIrCsDKUVQp5n+8iLmyYt5mQM70vXbUC273GJzKDtibGDfxiN4FqSLBlo9F/oQ==",
      "requires": {
        "tslib": "^2.3.0"
      }
    },
    "@aws-sdk/util-body-length-node": {
      "version": "3.52.0",
      "resolved": "https://registry.npmjs.org/@aws-sdk/util-body-length-node/-/util-body-length-node-3.52.0.tgz",
      "integrity": "sha512-1WWsGh0hip4y1uvOLFV2v3Nvq3W35dmW5YniCi0gQDBLc5JHES8Zka7yoCDYOfaYFUodVH5mC/jFBjGRQ3TpDw==",
      "requires": {
        "tslib": "^2.3.0"
      }
    },
    "@aws-sdk/util-buffer-from": {
      "version": "3.52.0",
      "resolved": "https://registry.npmjs.org/@aws-sdk/util-buffer-from/-/util-buffer-from-3.52.0.tgz",
      "integrity": "sha512-hsG0lMlHjJUFoXIy59QLn6x4QU/vp/e0t3EjdD0t8aymB9iuJ43UeLjYTZdrOgtbWb8MXEF747vwg+P6n+4Lxw==",
      "requires": {
        "@aws-sdk/is-array-buffer": "3.52.0",
        "tslib": "^2.3.0"
      }
    },
    "@aws-sdk/util-config-provider": {
      "version": "3.52.0",
      "resolved": "https://registry.npmjs.org/@aws-sdk/util-config-provider/-/util-config-provider-3.52.0.tgz",
      "integrity": "sha512-1wonBNkOOLJpMZnz2Kn69ToFgSoTTyGzJInir8WC5sME3zpkb5j41kTuEVbImNJhVv9MKjmGYrMeZbBVniLRPw==",
      "requires": {
        "tslib": "^2.3.0"
      }
    },
    "@aws-sdk/util-credentials": {
      "version": "3.53.0",
      "resolved": "https://registry.npmjs.org/@aws-sdk/util-credentials/-/util-credentials-3.53.0.tgz",
      "integrity": "sha512-XP/3mYOmSn5KpWv+PnBTP2UExXb+hx1ugbH4Gkveshdq9KBlVnpV5eVgIwSAnKBsplScfsNMJ5EOtHjz5Cvu5A==",
      "requires": {
        "@aws-sdk/shared-ini-file-loader": "3.52.0",
        "tslib": "^2.3.0"
      }
    },
    "@aws-sdk/util-defaults-mode-browser": {
      "version": "3.53.0",
      "resolved": "https://registry.npmjs.org/@aws-sdk/util-defaults-mode-browser/-/util-defaults-mode-browser-3.53.0.tgz",
      "integrity": "sha512-ubOcZT3rkVXSTwCHeIJevgBVV5GHnejz3hd+dFY9OcuK53oMZnFPS8SfJLgGG6PHfg30P8EurKv1VhWrbuuJDw==",
      "requires": {
        "@aws-sdk/property-provider": "3.53.0",
        "@aws-sdk/types": "3.53.0",
        "bowser": "^2.11.0",
        "tslib": "^2.3.0"
      }
    },
    "@aws-sdk/util-defaults-mode-node": {
      "version": "3.53.0",
      "resolved": "https://registry.npmjs.org/@aws-sdk/util-defaults-mode-node/-/util-defaults-mode-node-3.53.0.tgz",
      "integrity": "sha512-84nczaF0eZMRkZ7chJh7OZd4ekV31eWmw8LOTJ4RQeeRy+0eY8th23yKyt5TU+YgmMLrY0BVK7103BQAI/6ccQ==",
      "requires": {
        "@aws-sdk/config-resolver": "3.53.0",
        "@aws-sdk/credential-provider-imds": "3.53.0",
        "@aws-sdk/node-config-provider": "3.53.0",
        "@aws-sdk/property-provider": "3.53.0",
        "@aws-sdk/types": "3.53.0",
        "tslib": "^2.3.0"
      }
    },
    "@aws-sdk/util-format-url": {
      "version": "3.53.0",
      "resolved": "https://registry.npmjs.org/@aws-sdk/util-format-url/-/util-format-url-3.53.0.tgz",
      "integrity": "sha512-+r80EoHjk8sN/GjZ90JdI3a5mNKcnEWU6TL+C+cRkCMbdAXMGOCsnt3C567IcpGU3dUba/UcYA9Y2Y34FzpetA==",
      "requires": {
        "@aws-sdk/querystring-builder": "3.53.0",
        "@aws-sdk/types": "3.53.0",
        "tslib": "^2.3.0"
      }
    },
    "@aws-sdk/util-hex-encoding": {
      "version": "3.52.0",
      "resolved": "https://registry.npmjs.org/@aws-sdk/util-hex-encoding/-/util-hex-encoding-3.52.0.tgz",
      "integrity": "sha512-YYMZg8odn/hBURgL/w82ay2mvPqXHMdujlSndT1ddUSTRoZX67N3hfYYf36nOalDOjNcanIvFHe4Fe8nw+8JiA==",
      "requires": {
        "tslib": "^2.3.0"
      }
    },
    "@aws-sdk/util-locate-window": {
      "version": "3.52.0",
      "resolved": "https://registry.npmjs.org/@aws-sdk/util-locate-window/-/util-locate-window-3.52.0.tgz",
      "integrity": "sha512-l10U2cLko6070A9DYLJG4NMtwYH8JBG2J/E+RH8uY3lad2o6fGEIkJU0jQbWbUeHYLG3IWuCxT47V4gxYrFj7g==",
      "requires": {
        "tslib": "^2.3.0"
      }
    },
    "@aws-sdk/util-stream-browser": {
      "version": "3.53.0",
      "resolved": "https://registry.npmjs.org/@aws-sdk/util-stream-browser/-/util-stream-browser-3.53.0.tgz",
      "integrity": "sha512-oh+PVTeo7nvkuXwlrAy6TErTpzTRrtxaL+2ErTFiLFPPFKK2/0X0E12zoNB0DMaY48sRdkJmrlLbOtxGDS1rNg==",
      "requires": {
        "@aws-sdk/types": "3.53.0",
        "tslib": "^2.3.0"
      }
    },
    "@aws-sdk/util-stream-node": {
      "version": "3.53.0",
      "resolved": "https://registry.npmjs.org/@aws-sdk/util-stream-node/-/util-stream-node-3.53.0.tgz",
      "integrity": "sha512-Hubb2cvn2idlNsHkJ5v46wW+cvodLySGJCqTat5kUAoOxR20ZFG3P3R6InU85PAh54zZTRvURuD0UM0uPtIQYQ==",
      "requires": {
        "@aws-sdk/types": "3.53.0",
        "tslib": "^2.3.0"
      }
    },
    "@aws-sdk/util-uri-escape": {
      "version": "3.52.0",
      "resolved": "https://registry.npmjs.org/@aws-sdk/util-uri-escape/-/util-uri-escape-3.52.0.tgz",
      "integrity": "sha512-W9zw5tE8syjg17jiCYtyF99F0FgDIekQdLg+tQGobw9EtCxlUdg48UYhifPfnjvVyADRX2ntclHF9NmhusOQaQ==",
      "requires": {
        "tslib": "^2.3.0"
      }
    },
    "@aws-sdk/util-user-agent-browser": {
      "version": "3.53.0",
      "resolved": "https://registry.npmjs.org/@aws-sdk/util-user-agent-browser/-/util-user-agent-browser-3.53.0.tgz",
      "integrity": "sha512-fJsxzjo4UMv2o6KYSvw8cwfDhAQiao3X+iY1lGNVKrcY2bnI4zW5pWYge94oIJXMyFjjg6k6Ek+JIvGLMFY0XA==",
      "requires": {
        "@aws-sdk/types": "3.53.0",
        "bowser": "^2.11.0",
        "tslib": "^2.3.0"
      }
    },
    "@aws-sdk/util-user-agent-node": {
      "version": "3.53.0",
      "resolved": "https://registry.npmjs.org/@aws-sdk/util-user-agent-node/-/util-user-agent-node-3.53.0.tgz",
      "integrity": "sha512-YbrqMpTi+ArL9qG+NIXPInmnjGwYu0lohiH5uyEMHAHolqg4vqdKBlXyZ7Pjls2Nka7px2UUfX/Ba2RIssBBMQ==",
      "requires": {
        "@aws-sdk/node-config-provider": "3.53.0",
        "@aws-sdk/types": "3.53.0",
        "tslib": "^2.3.0"
      }
    },
    "@aws-sdk/util-utf8-browser": {
      "version": "3.52.0",
      "resolved": "https://registry.npmjs.org/@aws-sdk/util-utf8-browser/-/util-utf8-browser-3.52.0.tgz",
      "integrity": "sha512-LuOMa9ajWu5fQuYkmvTlQZfHaITkSle+tM/vhbU4JquRN44VUKACjRGT7UEhoU3lCL1BD0JFGMQGHI+5Mmuwfg==",
      "requires": {
        "tslib": "^2.3.0"
      }
    },
    "@aws-sdk/util-utf8-node": {
      "version": "3.52.0",
      "resolved": "https://registry.npmjs.org/@aws-sdk/util-utf8-node/-/util-utf8-node-3.52.0.tgz",
      "integrity": "sha512-fujr7zeobZ2y5nnOnQZrCPPc+lCAhtNF/LEVslsQfd+AQ0bYWiosrKNetodQVWlfh10E2+i6/5g+1SBJ5kjsLw==",
      "requires": {
        "@aws-sdk/util-buffer-from": "3.52.0",
        "tslib": "^2.3.0"
      }
    },
    "@aws-sdk/util-waiter": {
      "version": "3.53.0",
      "resolved": "https://registry.npmjs.org/@aws-sdk/util-waiter/-/util-waiter-3.53.0.tgz",
      "integrity": "sha512-WyiyHOzmiapbbwB8dtu7axRqu9u5+Mnp1/+k2Ia7cm0UMUTKLjdixPsaM89HNre3EMa8WHrDBnwyVmo/Khbq3w==",
      "requires": {
        "@aws-sdk/abort-controller": "3.53.0",
        "@aws-sdk/types": "3.53.0",
        "tslib": "^2.3.0"
      }
    },
    "@aws-sdk/xml-builder": {
      "version": "3.52.0",
      "resolved": "https://registry.npmjs.org/@aws-sdk/xml-builder/-/xml-builder-3.52.0.tgz",
      "integrity": "sha512-GMdcxdwDZuIMlGnewdB48bpj8eqA3nubs3biy6vRFX8zhv8OqD+m5fMinoEwD8/MGqWE3WD7VZlbbdwYtNVWzQ==",
      "requires": {
        "tslib": "^2.3.0"
      }
    },
    "bowser": {
      "version": "2.11.0",
      "resolved": "https://registry.npmjs.org/bowser/-/bowser-2.11.0.tgz",
      "integrity": "sha512-AlcaJBi/pqqJBIQ8U9Mcpc9i8Aqxn88Skv5d+xBX006BY5u8N3mGLHa5Lgppa7L/HfwgwLgZ6NYs+Ag6uUmJRA=="
    },
    "entities": {
      "version": "2.2.0",
      "resolved": "https://registry.npmjs.org/entities/-/entities-2.2.0.tgz",
      "integrity": "sha512-p92if5Nz619I0w+akJrLZH0MX0Pb5DX39XOwQTtXSdQQOaYH03S1uIQp4mhOZtAXrxq4ViO67YTiLBo2638o9A=="
    },
    "fast-xml-parser": {
      "version": "3.19.0",
      "resolved": "https://registry.npmjs.org/fast-xml-parser/-/fast-xml-parser-3.19.0.tgz",
      "integrity": "sha512-4pXwmBplsCPv8FOY1WRakF970TjNGnGnfbOnLqjlYvMiF1SR3yOHyxMR/YCXpPTOspNF5gwudqktIP4VsWkvBg=="
    },
    "tslib": {
      "version": "2.3.1",
      "resolved": "https://registry.npmjs.org/tslib/-/tslib-2.3.1.tgz",
      "integrity": "sha512-77EbyPPpMz+FRFRuAFlWMtmgUWGe9UOG2Z25NqCwiIjRhOf5iKGuzSe5P2w1laq+FkRy4p+PCuVkJSGkzTEKVw=="
    },
    "uuid": {
      "version": "8.3.2",
      "resolved": "https://registry.npmjs.org/uuid/-/uuid-8.3.2.tgz",
      "integrity": "sha512-+NYs2QeMWy+GWFOEm9xnn6HCDp0l7QBD7ml8zLUmJ+93Q5NF0NocErnwkTkXVFNiX3/fpC6afS8Dhb/gz7R7eg=="
    }
  }
}
